// !$*UTF8*$!
{
	archiveVersion = 1;
	classes = {
	};
	objectVersion = 51;
	objects = {

/* Begin PBXBuildFile section */
		1A00264C2509C84F00F0F0B5 /* SavedViewController.swift in Sources */ = {isa = PBXBuildFile; fileRef = 1A00264B2509C84F00F0F0B5 /* SavedViewController.swift */; };
		1A00264E2509CE6B00F0F0B5 /* MainTabViewController.swift in Sources */ = {isa = PBXBuildFile; fileRef = 1A00264D2509CE6B00F0F0B5 /* MainTabViewController.swift */; };
		1A0026512509CF1300F0F0B5 /* SettingsViewController.swift in Sources */ = {isa = PBXBuildFile; fileRef = 1A0026502509CF1300F0F0B5 /* SettingsViewController.swift */; };
		1A0026552509DBC500F0F0B5 /* ImageTranslate.xcdatamodeld in Sources */ = {isa = PBXBuildFile; fileRef = 1A0026532509DBC500F0F0B5 /* ImageTranslate.xcdatamodeld */; };
		1A0026572509DBD100F0F0B5 /* CoreDataStack.swift in Sources */ = {isa = PBXBuildFile; fileRef = 1A0026562509DBD100F0F0B5 /* CoreDataStack.swift */; };
		1A0026E02509E69B00F0F0B5 /* srp.traineddata in Resources */ = {isa = PBXBuildFile; fileRef = 1A0026592509E67D00F0F0B5 /* srp.traineddata */; };
		1A0026E12509E69B00F0F0B5 /* gle.traineddata in Resources */ = {isa = PBXBuildFile; fileRef = 1A00265A2509E67D00F0F0B5 /* gle.traineddata */; };
		1A0026E22509E69B00F0F0B5 /* cym.traineddata in Resources */ = {isa = PBXBuildFile; fileRef = 1A00265B2509E67D00F0F0B5 /* cym.traineddata */; };
		1A0026E32509E69B00F0F0B5 /* tel.traineddata in Resources */ = {isa = PBXBuildFile; fileRef = 1A00265C2509E67D00F0F0B5 /* tel.traineddata */; };
		1A0026E42509E69B00F0F0B5 /* oci.traineddata in Resources */ = {isa = PBXBuildFile; fileRef = 1A00265D2509E67D00F0F0B5 /* oci.traineddata */; };
		1A0026E52509E69B00F0F0B5 /* tat.traineddata in Resources */ = {isa = PBXBuildFile; fileRef = 1A00265E2509E67D00F0F0B5 /* tat.traineddata */; };
		1A0026E62509E69B00F0F0B5 /* osd.traineddata in Resources */ = {isa = PBXBuildFile; fileRef = 1A00265F2509E67D00F0F0B5 /* osd.traineddata */; };
		1A0026E72509E69B00F0F0B5 /* pdf.ttf in Resources */ = {isa = PBXBuildFile; fileRef = 1A0026602509E67D00F0F0B5 /* pdf.ttf */; };
		1A0026E82509E69B00F0F0B5 /* mon.traineddata in Resources */ = {isa = PBXBuildFile; fileRef = 1A0026612509E67D00F0F0B5 /* mon.traineddata */; };
		1A0026E92509E69B00F0F0B5 /* ita.traineddata in Resources */ = {isa = PBXBuildFile; fileRef = 1A0026622509E67E00F0F0B5 /* ita.traineddata */; };
		1A0026EA2509E69B00F0F0B5 /* mar.traineddata in Resources */ = {isa = PBXBuildFile; fileRef = 1A0026632509E67E00F0F0B5 /* mar.traineddata */; };
		1A0026EB2509E69B00F0F0B5 /* bul.traineddata in Resources */ = {isa = PBXBuildFile; fileRef = 1A0026642509E67E00F0F0B5 /* bul.traineddata */; };
		1A0026EC2509E69B00F0F0B5 /* grc.traineddata in Resources */ = {isa = PBXBuildFile; fileRef = 1A0026652509E67E00F0F0B5 /* grc.traineddata */; };
		1A0026ED2509E69B00F0F0B5 /* cat.traineddata in Resources */ = {isa = PBXBuildFile; fileRef = 1A0026662509E67E00F0F0B5 /* cat.traineddata */; };
		1A0026EE2509E69B00F0F0B5 /* tgk.traineddata in Resources */ = {isa = PBXBuildFile; fileRef = 1A0026672509E67E00F0F0B5 /* tgk.traineddata */; };
		1A0026EF2509E69B00F0F0B5 /* kan.traineddata in Resources */ = {isa = PBXBuildFile; fileRef = 1A0026682509E67F00F0F0B5 /* kan.traineddata */; };
		1A0026F02509E69B00F0F0B5 /* rus.traineddata in Resources */ = {isa = PBXBuildFile; fileRef = 1A0026692509E67F00F0F0B5 /* rus.traineddata */; };
		1A0026F12509E69B00F0F0B5 /* nep.traineddata in Resources */ = {isa = PBXBuildFile; fileRef = 1A00266A2509E67F00F0F0B5 /* nep.traineddata */; };
		1A0026F22509E69B00F0F0B5 /* iku.traineddata in Resources */ = {isa = PBXBuildFile; fileRef = 1A00266B2509E67F00F0F0B5 /* iku.traineddata */; };
		1A0026F32509E69B00F0F0B5 /* pol.traineddata in Resources */ = {isa = PBXBuildFile; fileRef = 1A00266C2509E67F00F0F0B5 /* pol.traineddata */; };
		1A0026F42509E69B00F0F0B5 /* chi_tra_vert.traineddata in Resources */ = {isa = PBXBuildFile; fileRef = 1A00266D2509E68000F0F0B5 /* chi_tra_vert.traineddata */; };
		1A0026F52509E69B00F0F0B5 /* chi_sim_vert.traineddata in Resources */ = {isa = PBXBuildFile; fileRef = 1A00266E2509E68000F0F0B5 /* chi_sim_vert.traineddata */; };
		1A0026F62509E69B00F0F0B5 /* frm.traineddata in Resources */ = {isa = PBXBuildFile; fileRef = 1A00266F2509E68000F0F0B5 /* frm.traineddata */; };
		1A0026F72509E69B00F0F0B5 /* gla.traineddata in Resources */ = {isa = PBXBuildFile; fileRef = 1A0026702509E68000F0F0B5 /* gla.traineddata */; };
		1A0026F82509E69B00F0F0B5 /* pus.traineddata in Resources */ = {isa = PBXBuildFile; fileRef = 1A0026712509E68000F0F0B5 /* pus.traineddata */; };
		1A0026F92509E69B00F0F0B5 /* deu_frak.traineddata in Resources */ = {isa = PBXBuildFile; fileRef = 1A0026722509E68000F0F0B5 /* deu_frak.traineddata */; };
		1A0026FA2509E69B00F0F0B5 /* khm.traineddata in Resources */ = {isa = PBXBuildFile; fileRef = 1A0026732509E68000F0F0B5 /* khm.traineddata */; };
		1A0026FB2509E69B00F0F0B5 /* README.md in Resources */ = {isa = PBXBuildFile; fileRef = 1A0026742509E68000F0F0B5 /* README.md */; };
		1A0026FC2509E69B00F0F0B5 /* slk.traineddata in Resources */ = {isa = PBXBuildFile; fileRef = 1A0026752509E68100F0F0B5 /* slk.traineddata */; };
		1A0026FD2509E69B00F0F0B5 /* eng.traineddata in Resources */ = {isa = PBXBuildFile; fileRef = 1A0026762509E68100F0F0B5 /* eng.traineddata */; };
		1A0026FE2509E69B00F0F0B5 /* snd.traineddata in Resources */ = {isa = PBXBuildFile; fileRef = 1A0026772509E68100F0F0B5 /* snd.traineddata */; };
		1A0026FF2509E69B00F0F0B5 /* tgl.traineddata in Resources */ = {isa = PBXBuildFile; fileRef = 1A0026782509E68100F0F0B5 /* tgl.traineddata */; };
		1A0027002509E69B00F0F0B5 /* jpn.traineddata in Resources */ = {isa = PBXBuildFile; fileRef = 1A0026792509E68200F0F0B5 /* jpn.traineddata */; };
		1A0027012509E69B00F0F0B5 /* spa_old.traineddata in Resources */ = {isa = PBXBuildFile; fileRef = 1A00267A2509E68200F0F0B5 /* spa_old.traineddata */; };
		1A0027022509E69B00F0F0B5 /* fry.traineddata in Resources */ = {isa = PBXBuildFile; fileRef = 1A00267B2509E68300F0F0B5 /* fry.traineddata */; };
		1A0027032509E69B00F0F0B5 /* bod.traineddata in Resources */ = {isa = PBXBuildFile; fileRef = 1A00267C2509E68300F0F0B5 /* bod.traineddata */; };
		1A0027042509E69B00F0F0B5 /* ara.traineddata in Resources */ = {isa = PBXBuildFile; fileRef = 1A00267D2509E68300F0F0B5 /* ara.traineddata */; };
		1A0027052509E69B00F0F0B5 /* deu.traineddata in Resources */ = {isa = PBXBuildFile; fileRef = 1A00267E2509E68300F0F0B5 /* deu.traineddata */; };
		1A0027062509E69B00F0F0B5 /* hye.traineddata in Resources */ = {isa = PBXBuildFile; fileRef = 1A00267F2509E68300F0F0B5 /* hye.traineddata */; };
		1A0027072509E69B00F0F0B5 /* tam.traineddata in Resources */ = {isa = PBXBuildFile; fileRef = 1A0026802509E68300F0F0B5 /* tam.traineddata */; };
		1A0027082509E69B00F0F0B5 /* dzo.traineddata in Resources */ = {isa = PBXBuildFile; fileRef = 1A0026812509E68300F0F0B5 /* dzo.traineddata */; };
		1A0027092509E69B00F0F0B5 /* uzb.traineddata in Resources */ = {isa = PBXBuildFile; fileRef = 1A0026822509E68400F0F0B5 /* uzb.traineddata */; };
		1A00270A2509E69B00F0F0B5 /* fao.traineddata in Resources */ = {isa = PBXBuildFile; fileRef = 1A0026832509E68400F0F0B5 /* fao.traineddata */; };
		1A00270B2509E69B00F0F0B5 /* urd.traineddata in Resources */ = {isa = PBXBuildFile; fileRef = 1A0026842509E68400F0F0B5 /* urd.traineddata */; };
		1A00270C2509E69B00F0F0B5 /* mya.traineddata in Resources */ = {isa = PBXBuildFile; fileRef = 1A0026852509E68400F0F0B5 /* mya.traineddata */; };
		1A00270D2509E69B00F0F0B5 /* dan.traineddata in Resources */ = {isa = PBXBuildFile; fileRef = 1A0026862509E68400F0F0B5 /* dan.traineddata */; };
		1A00270E2509E69B00F0F0B5 /* srp_latn.traineddata in Resources */ = {isa = PBXBuildFile; fileRef = 1A0026872509E68400F0F0B5 /* srp_latn.traineddata */; };
		1A00270F2509E69B00F0F0B5 /* chi_tra.traineddata in Resources */ = {isa = PBXBuildFile; fileRef = 1A0026882509E68500F0F0B5 /* chi_tra.traineddata */; };
		1A0027102509E69B00F0F0B5 /* glg.traineddata in Resources */ = {isa = PBXBuildFile; fileRef = 1A0026892509E68600F0F0B5 /* glg.traineddata */; };
		1A0027112509E69B00F0F0B5 /* uig.traineddata in Resources */ = {isa = PBXBuildFile; fileRef = 1A00268A2509E68600F0F0B5 /* uig.traineddata */; };
		1A0027122509E69B00F0F0B5 /* lav.traineddata in Resources */ = {isa = PBXBuildFile; fileRef = 1A00268B2509E68600F0F0B5 /* lav.traineddata */; };
		1A0027132509E69B00F0F0B5 /* fas.traineddata in Resources */ = {isa = PBXBuildFile; fileRef = 1A00268C2509E68600F0F0B5 /* fas.traineddata */; };
		1A0027142509E69B00F0F0B5 /* tessconfigs in Resources */ = {isa = PBXBuildFile; fileRef = 1A00268D2509E68600F0F0B5 /* tessconfigs */; };
		1A0027152509E69B00F0F0B5 /* bos.traineddata in Resources */ = {isa = PBXBuildFile; fileRef = 1A00268E2509E68600F0F0B5 /* bos.traineddata */; };
		1A0027162509E69B00F0F0B5 /* ces.traineddata in Resources */ = {isa = PBXBuildFile; fileRef = 1A00268F2509E68600F0F0B5 /* ces.traineddata */; };
		1A0027172509E69B00F0F0B5 /* equ.traineddata in Resources */ = {isa = PBXBuildFile; fileRef = 1A0026902509E68700F0F0B5 /* equ.traineddata */; };
		1A0027182509E69B00F0F0B5 /* mri.traineddata in Resources */ = {isa = PBXBuildFile; fileRef = 1A0026912509E68700F0F0B5 /* mri.traineddata */; };
		1A0027192509E69B00F0F0B5 /* san.traineddata in Resources */ = {isa = PBXBuildFile; fileRef = 1A0026922509E68700F0F0B5 /* san.traineddata */; };
		1A00271A2509E69B00F0F0B5 /* tur.traineddata in Resources */ = {isa = PBXBuildFile; fileRef = 1A0026932509E68700F0F0B5 /* tur.traineddata */; };
		1A00271B2509E69B00F0F0B5 /* hat.traineddata in Resources */ = {isa = PBXBuildFile; fileRef = 1A0026942509E68700F0F0B5 /* hat.traineddata */; };
		1A00271C2509E69B00F0F0B5 /* dan_frak.traineddata in Resources */ = {isa = PBXBuildFile; fileRef = 1A0026952509E68700F0F0B5 /* dan_frak.traineddata */; };
		1A00271D2509E69B00F0F0B5 /* hun.traineddata in Resources */ = {isa = PBXBuildFile; fileRef = 1A0026962509E68800F0F0B5 /* hun.traineddata */; };
		1A00271E2509E69B00F0F0B5 /* aze.traineddata in Resources */ = {isa = PBXBuildFile; fileRef = 1A0026972509E68800F0F0B5 /* aze.traineddata */; };
		1A00271F2509E69B00F0F0B5 /* kmr.traineddata in Resources */ = {isa = PBXBuildFile; fileRef = 1A0026982509E68800F0F0B5 /* kmr.traineddata */; };
		1A0027202509E69B00F0F0B5 /* aze_cyrl.traineddata in Resources */ = {isa = PBXBuildFile; fileRef = 1A0026992509E68800F0F0B5 /* aze_cyrl.traineddata */; };
		1A0027212509E69B00F0F0B5 /* mlt.traineddata in Resources */ = {isa = PBXBuildFile; fileRef = 1A00269A2509E68800F0F0B5 /* mlt.traineddata */; };
		1A0027222509E69B00F0F0B5 /* hrv.traineddata in Resources */ = {isa = PBXBuildFile; fileRef = 1A00269B2509E68900F0F0B5 /* hrv.traineddata */; };
		1A0027232509E69B00F0F0B5 /* kor.traineddata in Resources */ = {isa = PBXBuildFile; fileRef = 1A00269C2509E68900F0F0B5 /* kor.traineddata */; };
		1A0027242509E69B00F0F0B5 /* swa.traineddata in Resources */ = {isa = PBXBuildFile; fileRef = 1A00269D2509E68900F0F0B5 /* swa.traineddata */; };
		1A0027252509E69B00F0F0B5 /* pan.traineddata in Resources */ = {isa = PBXBuildFile; fileRef = 1A00269E2509E68900F0F0B5 /* pan.traineddata */; };
		1A0027262509E69B00F0F0B5 /* div.traineddata in Resources */ = {isa = PBXBuildFile; fileRef = 1A00269F2509E68900F0F0B5 /* div.traineddata */; };
		1A0027272509E69B00F0F0B5 /* chi_sim.traineddata in Resources */ = {isa = PBXBuildFile; fileRef = 1A0026A02509E68A00F0F0B5 /* chi_sim.traineddata */; };
		1A0027282509E69B00F0F0B5 /* kat.traineddata in Resources */ = {isa = PBXBuildFile; fileRef = 1A0026A12509E68A00F0F0B5 /* kat.traineddata */; };
		1A0027292509E69B00F0F0B5 /* sun.traineddata in Resources */ = {isa = PBXBuildFile; fileRef = 1A0026A22509E68A00F0F0B5 /* sun.traineddata */; };
		1A00272A2509E69B00F0F0B5 /* tha.traineddata in Resources */ = {isa = PBXBuildFile; fileRef = 1A0026A32509E68B00F0F0B5 /* tha.traineddata */; };
		1A00272B2509E69B00F0F0B5 /* yor.traineddata in Resources */ = {isa = PBXBuildFile; fileRef = 1A0026A42509E68B00F0F0B5 /* yor.traineddata */; };
		1A00272C2509E69C00F0F0B5 /* bel.traineddata in Resources */ = {isa = PBXBuildFile; fileRef = 1A0026A52509E68B00F0F0B5 /* bel.traineddata */; };
		1A00272D2509E69C00F0F0B5 /* frk.traineddata in Resources */ = {isa = PBXBuildFile; fileRef = 1A0026A62509E68B00F0F0B5 /* frk.traineddata */; };
		1A00272E2509E69C00F0F0B5 /* ind.traineddata in Resources */ = {isa = PBXBuildFile; fileRef = 1A0026A72509E68B00F0F0B5 /* ind.traineddata */; };
		1A00272F2509E69C00F0F0B5 /* cos.traineddata in Resources */ = {isa = PBXBuildFile; fileRef = 1A0026A82509E68C00F0F0B5 /* cos.traineddata */; };
		1A0027302509E69C00F0F0B5 /* kat_old.traineddata in Resources */ = {isa = PBXBuildFile; fileRef = 1A0026A92509E68C00F0F0B5 /* kat_old.traineddata */; };
		1A0027312509E69C00F0F0B5 /* ltz.traineddata in Resources */ = {isa = PBXBuildFile; fileRef = 1A0026AA2509E68C00F0F0B5 /* ltz.traineddata */; };
		1A0027322509E69C00F0F0B5 /* mal.traineddata in Resources */ = {isa = PBXBuildFile; fileRef = 1A0026AB2509E68C00F0F0B5 /* mal.traineddata */; };
		1A0027332509E69C00F0F0B5 /* hin.traineddata in Resources */ = {isa = PBXBuildFile; fileRef = 1A0026AC2509E68C00F0F0B5 /* hin.traineddata */; };
		1A0027342509E69C00F0F0B5 /* yid.traineddata in Resources */ = {isa = PBXBuildFile; fileRef = 1A0026AD2509E68C00F0F0B5 /* yid.traineddata */; };
		1A0027352509E69C00F0F0B5 /* sin.traineddata in Resources */ = {isa = PBXBuildFile; fileRef = 1A0026AE2509E68C00F0F0B5 /* sin.traineddata */; };
		1A0027362509E69C00F0F0B5 /* por.traineddata in Resources */ = {isa = PBXBuildFile; fileRef = 1A0026AF2509E68D00F0F0B5 /* por.traineddata */; };
		1A0027372509E69C00F0F0B5 /* swe.traineddata in Resources */ = {isa = PBXBuildFile; fileRef = 1A0026B02509E68D00F0F0B5 /* swe.traineddata */; };
		1A0027382509E69C00F0F0B5 /* fin.traineddata in Resources */ = {isa = PBXBuildFile; fileRef = 1A0026B12509E68D00F0F0B5 /* fin.traineddata */; };
		1A0027392509E69C00F0F0B5 /* que.traineddata in Resources */ = {isa = PBXBuildFile; fileRef = 1A0026B22509E68E00F0F0B5 /* que.traineddata */; };
		1A00273A2509E69C00F0F0B5 /* ton.traineddata in Resources */ = {isa = PBXBuildFile; fileRef = 1A0026B32509E68E00F0F0B5 /* ton.traineddata */; };
		1A00273B2509E69C00F0F0B5 /* nor.traineddata in Resources */ = {isa = PBXBuildFile; fileRef = 1A0026B42509E68E00F0F0B5 /* nor.traineddata */; };
		1A00273C2509E69C00F0F0B5 /* chr.traineddata in Resources */ = {isa = PBXBuildFile; fileRef = 1A0026B52509E68E00F0F0B5 /* chr.traineddata */; };
		1A00273D2509E69C00F0F0B5 /* amh.traineddata in Resources */ = {isa = PBXBuildFile; fileRef = 1A0026B62509E68F00F0F0B5 /* amh.traineddata */; };
		1A00273E2509E69C00F0F0B5 /* ori.traineddata in Resources */ = {isa = PBXBuildFile; fileRef = 1A0026B72509E68F00F0F0B5 /* ori.traineddata */; };
		1A00273F2509E69C00F0F0B5 /* epo.traineddata in Resources */ = {isa = PBXBuildFile; fileRef = 1A0026B82509E68F00F0F0B5 /* epo.traineddata */; };
		1A0027402509E69C00F0F0B5 /* slk_frak.traineddata in Resources */ = {isa = PBXBuildFile; fileRef = 1A0026B92509E68F00F0F0B5 /* slk_frak.traineddata */; };
		1A0027412509E69C00F0F0B5 /* sqi.traineddata in Resources */ = {isa = PBXBuildFile; fileRef = 1A0026BA2509E68F00F0F0B5 /* sqi.traineddata */; };
		1A0027422509E69C00F0F0B5 /* uzb_cyrl.traineddata in Resources */ = {isa = PBXBuildFile; fileRef = 1A0026BB2509E68F00F0F0B5 /* uzb_cyrl.traineddata */; };
		1A0027432509E69C00F0F0B5 /* spa.traineddata in Resources */ = {isa = PBXBuildFile; fileRef = 1A0026BC2509E69000F0F0B5 /* spa.traineddata */; };
		1A0027442509E69C00F0F0B5 /* mkd.traineddata in Resources */ = {isa = PBXBuildFile; fileRef = 1A0026BD2509E69000F0F0B5 /* mkd.traineddata */; };
		1A0027452509E69C00F0F0B5 /* ben.traineddata in Resources */ = {isa = PBXBuildFile; fileRef = 1A0026BE2509E69000F0F0B5 /* ben.traineddata */; };
		1A0027462509E69C00F0F0B5 /* isl.traineddata in Resources */ = {isa = PBXBuildFile; fileRef = 1A0026BF2509E69000F0F0B5 /* isl.traineddata */; };
		1A0027472509E69C00F0F0B5 /* lao.traineddata in Resources */ = {isa = PBXBuildFile; fileRef = 1A0026C02509E69000F0F0B5 /* lao.traineddata */; };
		1A0027482509E69C00F0F0B5 /* bre.traineddata in Resources */ = {isa = PBXBuildFile; fileRef = 1A0026C12509E69000F0F0B5 /* bre.traineddata */; };
		1A0027492509E69C00F0F0B5 /* ron.traineddata in Resources */ = {isa = PBXBuildFile; fileRef = 1A0026C22509E69100F0F0B5 /* ron.traineddata */; };
		1A00274A2509E69C00F0F0B5 /* nld.traineddata in Resources */ = {isa = PBXBuildFile; fileRef = 1A0026C32509E69100F0F0B5 /* nld.traineddata */; };
		1A00274B2509E69C00F0F0B5 /* msa.traineddata in Resources */ = {isa = PBXBuildFile; fileRef = 1A0026C42509E69100F0F0B5 /* msa.traineddata */; };
		1A00274C2509E69C00F0F0B5 /* heb.traineddata in Resources */ = {isa = PBXBuildFile; fileRef = 1A0026C52509E69100F0F0B5 /* heb.traineddata */; };
		1A00274D2509E69C00F0F0B5 /* jpn_vert.traineddata in Resources */ = {isa = PBXBuildFile; fileRef = 1A0026C62509E69100F0F0B5 /* jpn_vert.traineddata */; };
		1A00274E2509E69C00F0F0B5 /* asm.traineddata in Resources */ = {isa = PBXBuildFile; fileRef = 1A0026C72509E69100F0F0B5 /* asm.traineddata */; };
		1A00274F2509E69C00F0F0B5 /* enm.traineddata in Resources */ = {isa = PBXBuildFile; fileRef = 1A0026C82509E69200F0F0B5 /* enm.traineddata */; };
		1A0027502509E69C00F0F0B5 /* kaz.traineddata in Resources */ = {isa = PBXBuildFile; fileRef = 1A0026C92509E69200F0F0B5 /* kaz.traineddata */; };
		1A0027512509E69C00F0F0B5 /* configs in Resources */ = {isa = PBXBuildFile; fileRef = 1A0026CA2509E69200F0F0B5 /* configs */; };
		1A0027522509E69C00F0F0B5 /* kir.traineddata in Resources */ = {isa = PBXBuildFile; fileRef = 1A0026CB2509E69200F0F0B5 /* kir.traineddata */; };
		1A0027532509E69C00F0F0B5 /* est.traineddata in Resources */ = {isa = PBXBuildFile; fileRef = 1A0026CC2509E69300F0F0B5 /* est.traineddata */; };
		1A0027542509E69C00F0F0B5 /* fil.traineddata in Resources */ = {isa = PBXBuildFile; fileRef = 1A0026CD2509E69300F0F0B5 /* fil.traineddata */; };
		1A0027552509E69C00F0F0B5 /* vie.traineddata in Resources */ = {isa = PBXBuildFile; fileRef = 1A0026CE2509E69300F0F0B5 /* vie.traineddata */; };
		1A0027562509E69C00F0F0B5 /* tir.traineddata in Resources */ = {isa = PBXBuildFile; fileRef = 1A0026CF2509E69300F0F0B5 /* tir.traineddata */; };
		1A0027572509E69C00F0F0B5 /* slv.traineddata in Resources */ = {isa = PBXBuildFile; fileRef = 1A0026D02509E69300F0F0B5 /* slv.traineddata */; };
		1A0027582509E69C00F0F0B5 /* kor_vert.traineddata in Resources */ = {isa = PBXBuildFile; fileRef = 1A0026D12509E69300F0F0B5 /* kor_vert.traineddata */; };
		1A0027592509E69C00F0F0B5 /* ceb.traineddata in Resources */ = {isa = PBXBuildFile; fileRef = 1A0026D22509E69300F0F0B5 /* ceb.traineddata */; };
		1A00275A2509E69C00F0F0B5 /* ita_old.traineddata in Resources */ = {isa = PBXBuildFile; fileRef = 1A0026D32509E69400F0F0B5 /* ita_old.traineddata */; };
		1A00275B2509E69C00F0F0B5 /* afr.traineddata in Resources */ = {isa = PBXBuildFile; fileRef = 1A0026D42509E69400F0F0B5 /* afr.traineddata */; };
		1A00275C2509E69C00F0F0B5 /* script in Resources */ = {isa = PBXBuildFile; fileRef = 1A0026D52509E69A00F0F0B5 /* script */; };
		1A00275D2509E69C00F0F0B5 /* syr.traineddata in Resources */ = {isa = PBXBuildFile; fileRef = 1A0026D62509E69A00F0F0B5 /* syr.traineddata */; };
		1A00275E2509E69C00F0F0B5 /* eus.traineddata in Resources */ = {isa = PBXBuildFile; fileRef = 1A0026D72509E69A00F0F0B5 /* eus.traineddata */; };
		1A00275F2509E69C00F0F0B5 /* ell.traineddata in Resources */ = {isa = PBXBuildFile; fileRef = 1A0026D82509E69A00F0F0B5 /* ell.traineddata */; };
		1A0027602509E69C00F0F0B5 /* ukr.traineddata in Resources */ = {isa = PBXBuildFile; fileRef = 1A0026D92509E69A00F0F0B5 /* ukr.traineddata */; };
		1A0027612509E69C00F0F0B5 /* fra.traineddata in Resources */ = {isa = PBXBuildFile; fileRef = 1A0026DA2509E69B00F0F0B5 /* fra.traineddata */; };
		1A0027622509E69C00F0F0B5 /* LICENSE in Resources */ = {isa = PBXBuildFile; fileRef = 1A0026DB2509E69B00F0F0B5 /* LICENSE */; };
		1A0027632509E69C00F0F0B5 /* lit.traineddata in Resources */ = {isa = PBXBuildFile; fileRef = 1A0026DC2509E69B00F0F0B5 /* lit.traineddata */; };
		1A0027642509E69C00F0F0B5 /* jav.traineddata in Resources */ = {isa = PBXBuildFile; fileRef = 1A0026DD2509E69B00F0F0B5 /* jav.traineddata */; };
		1A0027652509E69C00F0F0B5 /* lat.traineddata in Resources */ = {isa = PBXBuildFile; fileRef = 1A0026DE2509E69B00F0F0B5 /* lat.traineddata */; };
		1A0027662509E69C00F0F0B5 /* guj.traineddata in Resources */ = {isa = PBXBuildFile; fileRef = 1A0026DF2509E69B00F0F0B5 /* guj.traineddata */; };
		1A6DA6342501C1DC00E8423E /* AppDelegate.swift in Sources */ = {isa = PBXBuildFile; fileRef = 1A6DA6332501C1DC00E8423E /* AppDelegate.swift */; };
		1A6DA6362501C1DC00E8423E /* SceneDelegate.swift in Sources */ = {isa = PBXBuildFile; fileRef = 1A6DA6352501C1DC00E8423E /* SceneDelegate.swift */; };
		1A6DA6382501C1DC00E8423E /* CameraViewController.swift in Sources */ = {isa = PBXBuildFile; fileRef = 1A6DA6372501C1DC00E8423E /* CameraViewController.swift */; };
		1A6DA63D2501C1DD00E8423E /* Assets.xcassets in Resources */ = {isa = PBXBuildFile; fileRef = 1A6DA63C2501C1DD00E8423E /* Assets.xcassets */; };
		1A6DA6402501C1DD00E8423E /* LaunchScreen.storyboard in Resources */ = {isa = PBXBuildFile; fileRef = 1A6DA63E2501C1DD00E8423E /* LaunchScreen.storyboard */; };
		1A6DA64B2501C1DD00E8423E /* ImageTranslateTests.swift in Sources */ = {isa = PBXBuildFile; fileRef = 1A6DA64A2501C1DD00E8423E /* ImageTranslateTests.swift */; };
		1A6DA6562501C1DD00E8423E /* ImageTranslateUITests.swift in Sources */ = {isa = PBXBuildFile; fileRef = 1A6DA6552501C1DD00E8423E /* ImageTranslateUITests.swift */; };
		1ABE460A2509956100FD7345 /* UIView+Extensions.swift in Sources */ = {isa = PBXBuildFile; fileRef = 1ABE46092509956100FD7345 /* UIView+Extensions.swift */; };
		1AEC09012509916000338E34 /* PhotoPreviewView.swift in Sources */ = {isa = PBXBuildFile; fileRef = 1AEC09002509916000338E34 /* PhotoPreviewView.swift */; };
		5C485FD4AF243274501B186E /* Pods_ImageTranslate_ImageTranslateUITests.framework in Frameworks */ = {isa = PBXBuildFile; fileRef = 282B475C36B74934DB354628 /* Pods_ImageTranslate_ImageTranslateUITests.framework */; };
		B00B53FFE6DED0E0D1BA1359 /* Pods_ImageTranslateTests.framework in Frameworks */ = {isa = PBXBuildFile; fileRef = 705BE2BECF8CF65CE8617450 /* Pods_ImageTranslateTests.framework */; };
		CE40F15F2AB2C2FF423DFA10 /* Pods_ImageTranslate.framework in Frameworks */ = {isa = PBXBuildFile; fileRef = 57B13ACE34123C2ECB5D86D8 /* Pods_ImageTranslate.framework */; };
/* End PBXBuildFile section */

/* Begin PBXContainerItemProxy section */
		1A6DA6472501C1DD00E8423E /* PBXContainerItemProxy */ = {
			isa = PBXContainerItemProxy;
			containerPortal = 1A6DA6282501C1DC00E8423E /* Project object */;
			proxyType = 1;
			remoteGlobalIDString = 1A6DA62F2501C1DC00E8423E;
			remoteInfo = ImageTranslate;
		};
		1A6DA6522501C1DD00E8423E /* PBXContainerItemProxy */ = {
			isa = PBXContainerItemProxy;
			containerPortal = 1A6DA6282501C1DC00E8423E /* Project object */;
			proxyType = 1;
			remoteGlobalIDString = 1A6DA62F2501C1DC00E8423E;
			remoteInfo = ImageTranslate;
		};
/* End PBXContainerItemProxy section */

/* Begin PBXFileReference section */
		012E264C6747BDF00FE13D04 /* Pods-ImageTranslateTests.debug.xcconfig */ = {isa = PBXFileReference; includeInIndex = 1; lastKnownFileType = text.xcconfig; name = "Pods-ImageTranslateTests.debug.xcconfig"; path = "Target Support Files/Pods-ImageTranslateTests/Pods-ImageTranslateTests.debug.xcconfig"; sourceTree = "<group>"; };
		1A00264B2509C84F00F0F0B5 /* SavedViewController.swift */ = {isa = PBXFileReference; lastKnownFileType = sourcecode.swift; path = SavedViewController.swift; sourceTree = "<group>"; };
		1A00264D2509CE6B00F0F0B5 /* MainTabViewController.swift */ = {isa = PBXFileReference; lastKnownFileType = sourcecode.swift; path = MainTabViewController.swift; sourceTree = "<group>"; };
		1A0026502509CF1300F0F0B5 /* SettingsViewController.swift */ = {isa = PBXFileReference; lastKnownFileType = sourcecode.swift; path = SettingsViewController.swift; sourceTree = "<group>"; };
		1A0026542509DBC500F0F0B5 /* ImageTranslate.xcdatamodel */ = {isa = PBXFileReference; lastKnownFileType = wrapper.xcdatamodel; path = ImageTranslate.xcdatamodel; sourceTree = "<group>"; };
		1A0026562509DBD100F0F0B5 /* CoreDataStack.swift */ = {isa = PBXFileReference; lastKnownFileType = sourcecode.swift; path = CoreDataStack.swift; sourceTree = "<group>"; };
		1A0026592509E67D00F0F0B5 /* srp.traineddata */ = {isa = PBXFileReference; lastKnownFileType = file; path = srp.traineddata; sourceTree = "<group>"; };
		1A00265A2509E67D00F0F0B5 /* gle.traineddata */ = {isa = PBXFileReference; lastKnownFileType = file; path = gle.traineddata; sourceTree = "<group>"; };
		1A00265B2509E67D00F0F0B5 /* cym.traineddata */ = {isa = PBXFileReference; lastKnownFileType = file; path = cym.traineddata; sourceTree = "<group>"; };
		1A00265C2509E67D00F0F0B5 /* tel.traineddata */ = {isa = PBXFileReference; lastKnownFileType = file; path = tel.traineddata; sourceTree = "<group>"; };
		1A00265D2509E67D00F0F0B5 /* oci.traineddata */ = {isa = PBXFileReference; lastKnownFileType = file; path = oci.traineddata; sourceTree = "<group>"; };
		1A00265E2509E67D00F0F0B5 /* tat.traineddata */ = {isa = PBXFileReference; lastKnownFileType = file; path = tat.traineddata; sourceTree = "<group>"; };
		1A00265F2509E67D00F0F0B5 /* osd.traineddata */ = {isa = PBXFileReference; lastKnownFileType = file; path = osd.traineddata; sourceTree = "<group>"; };
		1A0026602509E67D00F0F0B5 /* pdf.ttf */ = {isa = PBXFileReference; lastKnownFileType = file; path = pdf.ttf; sourceTree = "<group>"; };
		1A0026612509E67D00F0F0B5 /* mon.traineddata */ = {isa = PBXFileReference; lastKnownFileType = file; path = mon.traineddata; sourceTree = "<group>"; };
		1A0026622509E67E00F0F0B5 /* ita.traineddata */ = {isa = PBXFileReference; lastKnownFileType = file; path = ita.traineddata; sourceTree = "<group>"; };
		1A0026632509E67E00F0F0B5 /* mar.traineddata */ = {isa = PBXFileReference; lastKnownFileType = file; path = mar.traineddata; sourceTree = "<group>"; };
		1A0026642509E67E00F0F0B5 /* bul.traineddata */ = {isa = PBXFileReference; lastKnownFileType = file; path = bul.traineddata; sourceTree = "<group>"; };
		1A0026652509E67E00F0F0B5 /* grc.traineddata */ = {isa = PBXFileReference; lastKnownFileType = file; path = grc.traineddata; sourceTree = "<group>"; };
		1A0026662509E67E00F0F0B5 /* cat.traineddata */ = {isa = PBXFileReference; lastKnownFileType = file; path = cat.traineddata; sourceTree = "<group>"; };
		1A0026672509E67E00F0F0B5 /* tgk.traineddata */ = {isa = PBXFileReference; lastKnownFileType = file; path = tgk.traineddata; sourceTree = "<group>"; };
		1A0026682509E67F00F0F0B5 /* kan.traineddata */ = {isa = PBXFileReference; lastKnownFileType = file; path = kan.traineddata; sourceTree = "<group>"; };
		1A0026692509E67F00F0F0B5 /* rus.traineddata */ = {isa = PBXFileReference; lastKnownFileType = file; path = rus.traineddata; sourceTree = "<group>"; };
		1A00266A2509E67F00F0F0B5 /* nep.traineddata */ = {isa = PBXFileReference; lastKnownFileType = file; path = nep.traineddata; sourceTree = "<group>"; };
		1A00266B2509E67F00F0F0B5 /* iku.traineddata */ = {isa = PBXFileReference; lastKnownFileType = file; path = iku.traineddata; sourceTree = "<group>"; };
		1A00266C2509E67F00F0F0B5 /* pol.traineddata */ = {isa = PBXFileReference; lastKnownFileType = file; path = pol.traineddata; sourceTree = "<group>"; };
		1A00266D2509E68000F0F0B5 /* chi_tra_vert.traineddata */ = {isa = PBXFileReference; lastKnownFileType = file; path = chi_tra_vert.traineddata; sourceTree = "<group>"; };
		1A00266E2509E68000F0F0B5 /* chi_sim_vert.traineddata */ = {isa = PBXFileReference; lastKnownFileType = file; path = chi_sim_vert.traineddata; sourceTree = "<group>"; };
		1A00266F2509E68000F0F0B5 /* frm.traineddata */ = {isa = PBXFileReference; lastKnownFileType = file; path = frm.traineddata; sourceTree = "<group>"; };
		1A0026702509E68000F0F0B5 /* gla.traineddata */ = {isa = PBXFileReference; lastKnownFileType = file; path = gla.traineddata; sourceTree = "<group>"; };
		1A0026712509E68000F0F0B5 /* pus.traineddata */ = {isa = PBXFileReference; lastKnownFileType = file; path = pus.traineddata; sourceTree = "<group>"; };
		1A0026722509E68000F0F0B5 /* deu_frak.traineddata */ = {isa = PBXFileReference; lastKnownFileType = file; path = deu_frak.traineddata; sourceTree = "<group>"; };
		1A0026732509E68000F0F0B5 /* khm.traineddata */ = {isa = PBXFileReference; lastKnownFileType = file; path = khm.traineddata; sourceTree = "<group>"; };
		1A0026742509E68000F0F0B5 /* README.md */ = {isa = PBXFileReference; fileEncoding = 4; lastKnownFileType = net.daringfireball.markdown; path = README.md; sourceTree = "<group>"; };
		1A0026752509E68100F0F0B5 /* slk.traineddata */ = {isa = PBXFileReference; lastKnownFileType = file; path = slk.traineddata; sourceTree = "<group>"; };
		1A0026762509E68100F0F0B5 /* eng.traineddata */ = {isa = PBXFileReference; lastKnownFileType = file; path = eng.traineddata; sourceTree = "<group>"; };
		1A0026772509E68100F0F0B5 /* snd.traineddata */ = {isa = PBXFileReference; lastKnownFileType = file; path = snd.traineddata; sourceTree = "<group>"; };
		1A0026782509E68100F0F0B5 /* tgl.traineddata */ = {isa = PBXFileReference; lastKnownFileType = file; path = tgl.traineddata; sourceTree = "<group>"; };
		1A0026792509E68200F0F0B5 /* jpn.traineddata */ = {isa = PBXFileReference; lastKnownFileType = file; path = jpn.traineddata; sourceTree = "<group>"; };
		1A00267A2509E68200F0F0B5 /* spa_old.traineddata */ = {isa = PBXFileReference; lastKnownFileType = file; path = spa_old.traineddata; sourceTree = "<group>"; };
		1A00267B2509E68300F0F0B5 /* fry.traineddata */ = {isa = PBXFileReference; lastKnownFileType = file; path = fry.traineddata; sourceTree = "<group>"; };
		1A00267C2509E68300F0F0B5 /* bod.traineddata */ = {isa = PBXFileReference; lastKnownFileType = file; path = bod.traineddata; sourceTree = "<group>"; };
		1A00267D2509E68300F0F0B5 /* ara.traineddata */ = {isa = PBXFileReference; lastKnownFileType = file; path = ara.traineddata; sourceTree = "<group>"; };
		1A00267E2509E68300F0F0B5 /* deu.traineddata */ = {isa = PBXFileReference; lastKnownFileType = file; path = deu.traineddata; sourceTree = "<group>"; };
		1A00267F2509E68300F0F0B5 /* hye.traineddata */ = {isa = PBXFileReference; lastKnownFileType = file; path = hye.traineddata; sourceTree = "<group>"; };
		1A0026802509E68300F0F0B5 /* tam.traineddata */ = {isa = PBXFileReference; lastKnownFileType = file; path = tam.traineddata; sourceTree = "<group>"; };
		1A0026812509E68300F0F0B5 /* dzo.traineddata */ = {isa = PBXFileReference; lastKnownFileType = file; path = dzo.traineddata; sourceTree = "<group>"; };
		1A0026822509E68400F0F0B5 /* uzb.traineddata */ = {isa = PBXFileReference; lastKnownFileType = file; path = uzb.traineddata; sourceTree = "<group>"; };
		1A0026832509E68400F0F0B5 /* fao.traineddata */ = {isa = PBXFileReference; lastKnownFileType = file; path = fao.traineddata; sourceTree = "<group>"; };
		1A0026842509E68400F0F0B5 /* urd.traineddata */ = {isa = PBXFileReference; lastKnownFileType = file; path = urd.traineddata; sourceTree = "<group>"; };
		1A0026852509E68400F0F0B5 /* mya.traineddata */ = {isa = PBXFileReference; lastKnownFileType = file; path = mya.traineddata; sourceTree = "<group>"; };
		1A0026862509E68400F0F0B5 /* dan.traineddata */ = {isa = PBXFileReference; lastKnownFileType = file; path = dan.traineddata; sourceTree = "<group>"; };
		1A0026872509E68400F0F0B5 /* srp_latn.traineddata */ = {isa = PBXFileReference; lastKnownFileType = file; path = srp_latn.traineddata; sourceTree = "<group>"; };
		1A0026882509E68500F0F0B5 /* chi_tra.traineddata */ = {isa = PBXFileReference; lastKnownFileType = file; path = chi_tra.traineddata; sourceTree = "<group>"; };
		1A0026892509E68600F0F0B5 /* glg.traineddata */ = {isa = PBXFileReference; lastKnownFileType = file; path = glg.traineddata; sourceTree = "<group>"; };
		1A00268A2509E68600F0F0B5 /* uig.traineddata */ = {isa = PBXFileReference; lastKnownFileType = file; path = uig.traineddata; sourceTree = "<group>"; };
		1A00268B2509E68600F0F0B5 /* lav.traineddata */ = {isa = PBXFileReference; lastKnownFileType = file; path = lav.traineddata; sourceTree = "<group>"; };
		1A00268C2509E68600F0F0B5 /* fas.traineddata */ = {isa = PBXFileReference; lastKnownFileType = file; path = fas.traineddata; sourceTree = "<group>"; };
		1A00268D2509E68600F0F0B5 /* tessconfigs */ = {isa = PBXFileReference; lastKnownFileType = folder; path = tessconfigs; sourceTree = "<group>"; };
		1A00268E2509E68600F0F0B5 /* bos.traineddata */ = {isa = PBXFileReference; lastKnownFileType = file; path = bos.traineddata; sourceTree = "<group>"; };
		1A00268F2509E68600F0F0B5 /* ces.traineddata */ = {isa = PBXFileReference; lastKnownFileType = file; path = ces.traineddata; sourceTree = "<group>"; };
		1A0026902509E68700F0F0B5 /* equ.traineddata */ = {isa = PBXFileReference; lastKnownFileType = file; path = equ.traineddata; sourceTree = "<group>"; };
		1A0026912509E68700F0F0B5 /* mri.traineddata */ = {isa = PBXFileReference; lastKnownFileType = file; path = mri.traineddata; sourceTree = "<group>"; };
		1A0026922509E68700F0F0B5 /* san.traineddata */ = {isa = PBXFileReference; lastKnownFileType = file; path = san.traineddata; sourceTree = "<group>"; };
		1A0026932509E68700F0F0B5 /* tur.traineddata */ = {isa = PBXFileReference; lastKnownFileType = file; path = tur.traineddata; sourceTree = "<group>"; };
		1A0026942509E68700F0F0B5 /* hat.traineddata */ = {isa = PBXFileReference; lastKnownFileType = file; path = hat.traineddata; sourceTree = "<group>"; };
		1A0026952509E68700F0F0B5 /* dan_frak.traineddata */ = {isa = PBXFileReference; lastKnownFileType = file; path = dan_frak.traineddata; sourceTree = "<group>"; };
		1A0026962509E68800F0F0B5 /* hun.traineddata */ = {isa = PBXFileReference; lastKnownFileType = file; path = hun.traineddata; sourceTree = "<group>"; };
		1A0026972509E68800F0F0B5 /* aze.traineddata */ = {isa = PBXFileReference; lastKnownFileType = file; path = aze.traineddata; sourceTree = "<group>"; };
		1A0026982509E68800F0F0B5 /* kmr.traineddata */ = {isa = PBXFileReference; lastKnownFileType = file; path = kmr.traineddata; sourceTree = "<group>"; };
		1A0026992509E68800F0F0B5 /* aze_cyrl.traineddata */ = {isa = PBXFileReference; lastKnownFileType = file; path = aze_cyrl.traineddata; sourceTree = "<group>"; };
		1A00269A2509E68800F0F0B5 /* mlt.traineddata */ = {isa = PBXFileReference; lastKnownFileType = file; path = mlt.traineddata; sourceTree = "<group>"; };
		1A00269B2509E68900F0F0B5 /* hrv.traineddata */ = {isa = PBXFileReference; lastKnownFileType = file; path = hrv.traineddata; sourceTree = "<group>"; };
		1A00269C2509E68900F0F0B5 /* kor.traineddata */ = {isa = PBXFileReference; lastKnownFileType = file; path = kor.traineddata; sourceTree = "<group>"; };
		1A00269D2509E68900F0F0B5 /* swa.traineddata */ = {isa = PBXFileReference; lastKnownFileType = file; path = swa.traineddata; sourceTree = "<group>"; };
		1A00269E2509E68900F0F0B5 /* pan.traineddata */ = {isa = PBXFileReference; lastKnownFileType = file; path = pan.traineddata; sourceTree = "<group>"; };
		1A00269F2509E68900F0F0B5 /* div.traineddata */ = {isa = PBXFileReference; lastKnownFileType = file; path = div.traineddata; sourceTree = "<group>"; };
		1A0026A02509E68A00F0F0B5 /* chi_sim.traineddata */ = {isa = PBXFileReference; lastKnownFileType = file; path = chi_sim.traineddata; sourceTree = "<group>"; };
		1A0026A12509E68A00F0F0B5 /* kat.traineddata */ = {isa = PBXFileReference; lastKnownFileType = file; path = kat.traineddata; sourceTree = "<group>"; };
		1A0026A22509E68A00F0F0B5 /* sun.traineddata */ = {isa = PBXFileReference; lastKnownFileType = file; path = sun.traineddata; sourceTree = "<group>"; };
		1A0026A32509E68B00F0F0B5 /* tha.traineddata */ = {isa = PBXFileReference; lastKnownFileType = file; path = tha.traineddata; sourceTree = "<group>"; };
		1A0026A42509E68B00F0F0B5 /* yor.traineddata */ = {isa = PBXFileReference; lastKnownFileType = file; path = yor.traineddata; sourceTree = "<group>"; };
		1A0026A52509E68B00F0F0B5 /* bel.traineddata */ = {isa = PBXFileReference; lastKnownFileType = file; path = bel.traineddata; sourceTree = "<group>"; };
		1A0026A62509E68B00F0F0B5 /* frk.traineddata */ = {isa = PBXFileReference; lastKnownFileType = file; path = frk.traineddata; sourceTree = "<group>"; };
		1A0026A72509E68B00F0F0B5 /* ind.traineddata */ = {isa = PBXFileReference; lastKnownFileType = file; path = ind.traineddata; sourceTree = "<group>"; };
		1A0026A82509E68C00F0F0B5 /* cos.traineddata */ = {isa = PBXFileReference; lastKnownFileType = file; path = cos.traineddata; sourceTree = "<group>"; };
		1A0026A92509E68C00F0F0B5 /* kat_old.traineddata */ = {isa = PBXFileReference; lastKnownFileType = file; path = kat_old.traineddata; sourceTree = "<group>"; };
		1A0026AA2509E68C00F0F0B5 /* ltz.traineddata */ = {isa = PBXFileReference; lastKnownFileType = file; path = ltz.traineddata; sourceTree = "<group>"; };
		1A0026AB2509E68C00F0F0B5 /* mal.traineddata */ = {isa = PBXFileReference; lastKnownFileType = file; path = mal.traineddata; sourceTree = "<group>"; };
		1A0026AC2509E68C00F0F0B5 /* hin.traineddata */ = {isa = PBXFileReference; lastKnownFileType = file; path = hin.traineddata; sourceTree = "<group>"; };
		1A0026AD2509E68C00F0F0B5 /* yid.traineddata */ = {isa = PBXFileReference; lastKnownFileType = file; path = yid.traineddata; sourceTree = "<group>"; };
		1A0026AE2509E68C00F0F0B5 /* sin.traineddata */ = {isa = PBXFileReference; lastKnownFileType = file; path = sin.traineddata; sourceTree = "<group>"; };
		1A0026AF2509E68D00F0F0B5 /* por.traineddata */ = {isa = PBXFileReference; lastKnownFileType = file; path = por.traineddata; sourceTree = "<group>"; };
		1A0026B02509E68D00F0F0B5 /* swe.traineddata */ = {isa = PBXFileReference; lastKnownFileType = file; path = swe.traineddata; sourceTree = "<group>"; };
		1A0026B12509E68D00F0F0B5 /* fin.traineddata */ = {isa = PBXFileReference; lastKnownFileType = file; path = fin.traineddata; sourceTree = "<group>"; };
		1A0026B22509E68E00F0F0B5 /* que.traineddata */ = {isa = PBXFileReference; lastKnownFileType = file; path = que.traineddata; sourceTree = "<group>"; };
		1A0026B32509E68E00F0F0B5 /* ton.traineddata */ = {isa = PBXFileReference; lastKnownFileType = file; path = ton.traineddata; sourceTree = "<group>"; };
		1A0026B42509E68E00F0F0B5 /* nor.traineddata */ = {isa = PBXFileReference; lastKnownFileType = file; path = nor.traineddata; sourceTree = "<group>"; };
		1A0026B52509E68E00F0F0B5 /* chr.traineddata */ = {isa = PBXFileReference; lastKnownFileType = file; path = chr.traineddata; sourceTree = "<group>"; };
		1A0026B62509E68F00F0F0B5 /* amh.traineddata */ = {isa = PBXFileReference; lastKnownFileType = file; path = amh.traineddata; sourceTree = "<group>"; };
		1A0026B72509E68F00F0F0B5 /* ori.traineddata */ = {isa = PBXFileReference; lastKnownFileType = file; path = ori.traineddata; sourceTree = "<group>"; };
		1A0026B82509E68F00F0F0B5 /* epo.traineddata */ = {isa = PBXFileReference; lastKnownFileType = file; path = epo.traineddata; sourceTree = "<group>"; };
		1A0026B92509E68F00F0F0B5 /* slk_frak.traineddata */ = {isa = PBXFileReference; lastKnownFileType = file; path = slk_frak.traineddata; sourceTree = "<group>"; };
		1A0026BA2509E68F00F0F0B5 /* sqi.traineddata */ = {isa = PBXFileReference; lastKnownFileType = file; path = sqi.traineddata; sourceTree = "<group>"; };
		1A0026BB2509E68F00F0F0B5 /* uzb_cyrl.traineddata */ = {isa = PBXFileReference; lastKnownFileType = file; path = uzb_cyrl.traineddata; sourceTree = "<group>"; };
		1A0026BC2509E69000F0F0B5 /* spa.traineddata */ = {isa = PBXFileReference; lastKnownFileType = file; path = spa.traineddata; sourceTree = "<group>"; };
		1A0026BD2509E69000F0F0B5 /* mkd.traineddata */ = {isa = PBXFileReference; lastKnownFileType = file; path = mkd.traineddata; sourceTree = "<group>"; };
		1A0026BE2509E69000F0F0B5 /* ben.traineddata */ = {isa = PBXFileReference; lastKnownFileType = file; path = ben.traineddata; sourceTree = "<group>"; };
		1A0026BF2509E69000F0F0B5 /* isl.traineddata */ = {isa = PBXFileReference; lastKnownFileType = file; path = isl.traineddata; sourceTree = "<group>"; };
		1A0026C02509E69000F0F0B5 /* lao.traineddata */ = {isa = PBXFileReference; lastKnownFileType = file; path = lao.traineddata; sourceTree = "<group>"; };
		1A0026C12509E69000F0F0B5 /* bre.traineddata */ = {isa = PBXFileReference; lastKnownFileType = file; path = bre.traineddata; sourceTree = "<group>"; };
		1A0026C22509E69100F0F0B5 /* ron.traineddata */ = {isa = PBXFileReference; lastKnownFileType = file; path = ron.traineddata; sourceTree = "<group>"; };
		1A0026C32509E69100F0F0B5 /* nld.traineddata */ = {isa = PBXFileReference; lastKnownFileType = file; path = nld.traineddata; sourceTree = "<group>"; };
		1A0026C42509E69100F0F0B5 /* msa.traineddata */ = {isa = PBXFileReference; lastKnownFileType = file; path = msa.traineddata; sourceTree = "<group>"; };
		1A0026C52509E69100F0F0B5 /* heb.traineddata */ = {isa = PBXFileReference; lastKnownFileType = file; path = heb.traineddata; sourceTree = "<group>"; };
		1A0026C62509E69100F0F0B5 /* jpn_vert.traineddata */ = {isa = PBXFileReference; lastKnownFileType = file; path = jpn_vert.traineddata; sourceTree = "<group>"; };
		1A0026C72509E69100F0F0B5 /* asm.traineddata */ = {isa = PBXFileReference; lastKnownFileType = file; path = asm.traineddata; sourceTree = "<group>"; };
		1A0026C82509E69200F0F0B5 /* enm.traineddata */ = {isa = PBXFileReference; lastKnownFileType = file; path = enm.traineddata; sourceTree = "<group>"; };
		1A0026C92509E69200F0F0B5 /* kaz.traineddata */ = {isa = PBXFileReference; lastKnownFileType = file; path = kaz.traineddata; sourceTree = "<group>"; };
		1A0026CA2509E69200F0F0B5 /* configs */ = {isa = PBXFileReference; fileEncoding = 4; lastKnownFileType = text; path = configs; sourceTree = "<group>"; };
		1A0026CB2509E69200F0F0B5 /* kir.traineddata */ = {isa = PBXFileReference; lastKnownFileType = file; path = kir.traineddata; sourceTree = "<group>"; };
		1A0026CC2509E69300F0F0B5 /* est.traineddata */ = {isa = PBXFileReference; lastKnownFileType = file; path = est.traineddata; sourceTree = "<group>"; };
		1A0026CD2509E69300F0F0B5 /* fil.traineddata */ = {isa = PBXFileReference; lastKnownFileType = file; path = fil.traineddata; sourceTree = "<group>"; };
		1A0026CE2509E69300F0F0B5 /* vie.traineddata */ = {isa = PBXFileReference; lastKnownFileType = file; path = vie.traineddata; sourceTree = "<group>"; };
		1A0026CF2509E69300F0F0B5 /* tir.traineddata */ = {isa = PBXFileReference; lastKnownFileType = file; path = tir.traineddata; sourceTree = "<group>"; };
		1A0026D02509E69300F0F0B5 /* slv.traineddata */ = {isa = PBXFileReference; lastKnownFileType = file; path = slv.traineddata; sourceTree = "<group>"; };
		1A0026D12509E69300F0F0B5 /* kor_vert.traineddata */ = {isa = PBXFileReference; lastKnownFileType = file; path = kor_vert.traineddata; sourceTree = "<group>"; };
		1A0026D22509E69300F0F0B5 /* ceb.traineddata */ = {isa = PBXFileReference; lastKnownFileType = file; path = ceb.traineddata; sourceTree = "<group>"; };
		1A0026D32509E69400F0F0B5 /* ita_old.traineddata */ = {isa = PBXFileReference; lastKnownFileType = file; path = ita_old.traineddata; sourceTree = "<group>"; };
		1A0026D42509E69400F0F0B5 /* afr.traineddata */ = {isa = PBXFileReference; lastKnownFileType = file; path = afr.traineddata; sourceTree = "<group>"; };
		1A0026D52509E69A00F0F0B5 /* script */ = {isa = PBXFileReference; lastKnownFileType = folder; path = script; sourceTree = "<group>"; };
		1A0026D62509E69A00F0F0B5 /* syr.traineddata */ = {isa = PBXFileReference; lastKnownFileType = file; path = syr.traineddata; sourceTree = "<group>"; };
		1A0026D72509E69A00F0F0B5 /* eus.traineddata */ = {isa = PBXFileReference; lastKnownFileType = file; path = eus.traineddata; sourceTree = "<group>"; };
		1A0026D82509E69A00F0F0B5 /* ell.traineddata */ = {isa = PBXFileReference; lastKnownFileType = file; path = ell.traineddata; sourceTree = "<group>"; };
		1A0026D92509E69A00F0F0B5 /* ukr.traineddata */ = {isa = PBXFileReference; lastKnownFileType = file; path = ukr.traineddata; sourceTree = "<group>"; };
		1A0026DA2509E69B00F0F0B5 /* fra.traineddata */ = {isa = PBXFileReference; lastKnownFileType = file; path = fra.traineddata; sourceTree = "<group>"; };
		1A0026DB2509E69B00F0F0B5 /* LICENSE */ = {isa = PBXFileReference; fileEncoding = 4; lastKnownFileType = text; path = LICENSE; sourceTree = "<group>"; };
		1A0026DC2509E69B00F0F0B5 /* lit.traineddata */ = {isa = PBXFileReference; lastKnownFileType = file; path = lit.traineddata; sourceTree = "<group>"; };
		1A0026DD2509E69B00F0F0B5 /* jav.traineddata */ = {isa = PBXFileReference; lastKnownFileType = file; path = jav.traineddata; sourceTree = "<group>"; };
		1A0026DE2509E69B00F0F0B5 /* lat.traineddata */ = {isa = PBXFileReference; lastKnownFileType = file; path = lat.traineddata; sourceTree = "<group>"; };
		1A0026DF2509E69B00F0F0B5 /* guj.traineddata */ = {isa = PBXFileReference; lastKnownFileType = file; path = guj.traineddata; sourceTree = "<group>"; };
		1A6DA6302501C1DC00E8423E /* ImageTranslate.app */ = {isa = PBXFileReference; explicitFileType = wrapper.application; includeInIndex = 0; path = ImageTranslate.app; sourceTree = BUILT_PRODUCTS_DIR; };
		1A6DA6332501C1DC00E8423E /* AppDelegate.swift */ = {isa = PBXFileReference; lastKnownFileType = sourcecode.swift; path = AppDelegate.swift; sourceTree = "<group>"; };
		1A6DA6352501C1DC00E8423E /* SceneDelegate.swift */ = {isa = PBXFileReference; lastKnownFileType = sourcecode.swift; path = SceneDelegate.swift; sourceTree = "<group>"; };
		1A6DA6372501C1DC00E8423E /* CameraViewController.swift */ = {isa = PBXFileReference; lastKnownFileType = sourcecode.swift; path = CameraViewController.swift; sourceTree = "<group>"; };
		1A6DA63C2501C1DD00E8423E /* Assets.xcassets */ = {isa = PBXFileReference; lastKnownFileType = folder.assetcatalog; path = Assets.xcassets; sourceTree = "<group>"; };
		1A6DA63F2501C1DD00E8423E /* Base */ = {isa = PBXFileReference; lastKnownFileType = file.storyboard; name = Base; path = Base.lproj/LaunchScreen.storyboard; sourceTree = "<group>"; };
		1A6DA6412501C1DD00E8423E /* Info.plist */ = {isa = PBXFileReference; lastKnownFileType = text.plist.xml; path = Info.plist; sourceTree = "<group>"; };
		1A6DA6462501C1DD00E8423E /* ImageTranslateTests.xctest */ = {isa = PBXFileReference; explicitFileType = wrapper.cfbundle; includeInIndex = 0; path = ImageTranslateTests.xctest; sourceTree = BUILT_PRODUCTS_DIR; };
		1A6DA64A2501C1DD00E8423E /* ImageTranslateTests.swift */ = {isa = PBXFileReference; lastKnownFileType = sourcecode.swift; path = ImageTranslateTests.swift; sourceTree = "<group>"; };
		1A6DA64C2501C1DD00E8423E /* Info.plist */ = {isa = PBXFileReference; lastKnownFileType = text.plist.xml; path = Info.plist; sourceTree = "<group>"; };
		1A6DA6512501C1DD00E8423E /* ImageTranslateUITests.xctest */ = {isa = PBXFileReference; explicitFileType = wrapper.cfbundle; includeInIndex = 0; path = ImageTranslateUITests.xctest; sourceTree = BUILT_PRODUCTS_DIR; };
		1A6DA6552501C1DD00E8423E /* ImageTranslateUITests.swift */ = {isa = PBXFileReference; lastKnownFileType = sourcecode.swift; path = ImageTranslateUITests.swift; sourceTree = "<group>"; };
		1A6DA6572501C1DD00E8423E /* Info.plist */ = {isa = PBXFileReference; lastKnownFileType = text.plist.xml; path = Info.plist; sourceTree = "<group>"; };
		1ABE46092509956100FD7345 /* UIView+Extensions.swift */ = {isa = PBXFileReference; lastKnownFileType = sourcecode.swift; path = "UIView+Extensions.swift"; sourceTree = "<group>"; };
		1AEC09002509916000338E34 /* PhotoPreviewView.swift */ = {isa = PBXFileReference; lastKnownFileType = sourcecode.swift; path = PhotoPreviewView.swift; sourceTree = "<group>"; };
		282B475C36B74934DB354628 /* Pods_ImageTranslate_ImageTranslateUITests.framework */ = {isa = PBXFileReference; explicitFileType = wrapper.framework; includeInIndex = 0; path = Pods_ImageTranslate_ImageTranslateUITests.framework; sourceTree = BUILT_PRODUCTS_DIR; };
		57B13ACE34123C2ECB5D86D8 /* Pods_ImageTranslate.framework */ = {isa = PBXFileReference; explicitFileType = wrapper.framework; includeInIndex = 0; path = Pods_ImageTranslate.framework; sourceTree = BUILT_PRODUCTS_DIR; };
		705BE2BECF8CF65CE8617450 /* Pods_ImageTranslateTests.framework */ = {isa = PBXFileReference; explicitFileType = wrapper.framework; includeInIndex = 0; path = Pods_ImageTranslateTests.framework; sourceTree = BUILT_PRODUCTS_DIR; };
		79354C465A5766CE84CAA58C /* Pods-ImageTranslate.debug.xcconfig */ = {isa = PBXFileReference; includeInIndex = 1; lastKnownFileType = text.xcconfig; name = "Pods-ImageTranslate.debug.xcconfig"; path = "Target Support Files/Pods-ImageTranslate/Pods-ImageTranslate.debug.xcconfig"; sourceTree = "<group>"; };
		8BF6ABE465B5D6DD6FBCF223 /* Pods-ImageTranslate.release.xcconfig */ = {isa = PBXFileReference; includeInIndex = 1; lastKnownFileType = text.xcconfig; name = "Pods-ImageTranslate.release.xcconfig"; path = "Target Support Files/Pods-ImageTranslate/Pods-ImageTranslate.release.xcconfig"; sourceTree = "<group>"; };
		B901B084F4D601E4D987288C /* Pods-ImageTranslateTests.release.xcconfig */ = {isa = PBXFileReference; includeInIndex = 1; lastKnownFileType = text.xcconfig; name = "Pods-ImageTranslateTests.release.xcconfig"; path = "Target Support Files/Pods-ImageTranslateTests/Pods-ImageTranslateTests.release.xcconfig"; sourceTree = "<group>"; };
		E35A8C78790833076E3869F7 /* Pods-ImageTranslate-ImageTranslateUITests.release.xcconfig */ = {isa = PBXFileReference; includeInIndex = 1; lastKnownFileType = text.xcconfig; name = "Pods-ImageTranslate-ImageTranslateUITests.release.xcconfig"; path = "Target Support Files/Pods-ImageTranslate-ImageTranslateUITests/Pods-ImageTranslate-ImageTranslateUITests.release.xcconfig"; sourceTree = "<group>"; };
		F68855CC608C76235AD1CD75 /* Pods-ImageTranslate-ImageTranslateUITests.debug.xcconfig */ = {isa = PBXFileReference; includeInIndex = 1; lastKnownFileType = text.xcconfig; name = "Pods-ImageTranslate-ImageTranslateUITests.debug.xcconfig"; path = "Target Support Files/Pods-ImageTranslate-ImageTranslateUITests/Pods-ImageTranslate-ImageTranslateUITests.debug.xcconfig"; sourceTree = "<group>"; };
/* End PBXFileReference section */

/* Begin PBXFrameworksBuildPhase section */
		1A6DA62D2501C1DC00E8423E /* Frameworks */ = {
			isa = PBXFrameworksBuildPhase;
			buildActionMask = 2147483647;
			files = (
				CE40F15F2AB2C2FF423DFA10 /* Pods_ImageTranslate.framework in Frameworks */,
			);
			runOnlyForDeploymentPostprocessing = 0;
		};
		1A6DA6432501C1DD00E8423E /* Frameworks */ = {
			isa = PBXFrameworksBuildPhase;
			buildActionMask = 2147483647;
			files = (
				B00B53FFE6DED0E0D1BA1359 /* Pods_ImageTranslateTests.framework in Frameworks */,
			);
			runOnlyForDeploymentPostprocessing = 0;
		};
		1A6DA64E2501C1DD00E8423E /* Frameworks */ = {
			isa = PBXFrameworksBuildPhase;
			buildActionMask = 2147483647;
			files = (
				5C485FD4AF243274501B186E /* Pods_ImageTranslate_ImageTranslateUITests.framework in Frameworks */,
			);
			runOnlyForDeploymentPostprocessing = 0;
		};
/* End PBXFrameworksBuildPhase section */

/* Begin PBXGroup section */
		19124557FA2E4865917877FF /* Frameworks */ = {
			isa = PBXGroup;
			children = (
				57B13ACE34123C2ECB5D86D8 /* Pods_ImageTranslate.framework */,
				282B475C36B74934DB354628 /* Pods_ImageTranslate_ImageTranslateUITests.framework */,
				705BE2BECF8CF65CE8617450 /* Pods_ImageTranslateTests.framework */,
			);
			name = Frameworks;
			sourceTree = "<group>";
		};
		1A00264F2509CEAC00F0F0B5 /* Utilities */ = {
			isa = PBXGroup;
			children = (
				1ABE46092509956100FD7345 /* UIView+Extensions.swift */,
			);
			path = Utilities;
			sourceTree = "<group>";
		};
		1A0026522509DBAD00F0F0B5 /* Model */ = {
			isa = PBXGroup;
			children = (
				1A0026532509DBC500F0F0B5 /* ImageTranslate.xcdatamodeld */,
				1A0026562509DBD100F0F0B5 /* CoreDataStack.swift */,
			);
			path = Model;
			sourceTree = "<group>";
		};
		1A0026582509E60000F0F0B5 /* tessdata */ = {
			isa = PBXGroup;
			children = (
				1A0026D42509E69400F0F0B5 /* afr.traineddata */,
				1A0026B62509E68F00F0F0B5 /* amh.traineddata */,
				1A00267D2509E68300F0F0B5 /* ara.traineddata */,
				1A0026C72509E69100F0F0B5 /* asm.traineddata */,
				1A0026992509E68800F0F0B5 /* aze_cyrl.traineddata */,
				1A0026972509E68800F0F0B5 /* aze.traineddata */,
				1A0026A52509E68B00F0F0B5 /* bel.traineddata */,
				1A0026BE2509E69000F0F0B5 /* ben.traineddata */,
				1A00267C2509E68300F0F0B5 /* bod.traineddata */,
				1A00268E2509E68600F0F0B5 /* bos.traineddata */,
				1A0026C12509E69000F0F0B5 /* bre.traineddata */,
				1A0026642509E67E00F0F0B5 /* bul.traineddata */,
				1A0026662509E67E00F0F0B5 /* cat.traineddata */,
				1A0026D22509E69300F0F0B5 /* ceb.traineddata */,
				1A00268F2509E68600F0F0B5 /* ces.traineddata */,
				1A00266E2509E68000F0F0B5 /* chi_sim_vert.traineddata */,
				1A0026A02509E68A00F0F0B5 /* chi_sim.traineddata */,
				1A00266D2509E68000F0F0B5 /* chi_tra_vert.traineddata */,
				1A0026882509E68500F0F0B5 /* chi_tra.traineddata */,
				1A0026B52509E68E00F0F0B5 /* chr.traineddata */,
				1A0026CA2509E69200F0F0B5 /* configs */,
				1A0026A82509E68C00F0F0B5 /* cos.traineddata */,
				1A00265B2509E67D00F0F0B5 /* cym.traineddata */,
				1A0026952509E68700F0F0B5 /* dan_frak.traineddata */,
				1A0026862509E68400F0F0B5 /* dan.traineddata */,
				1A0026722509E68000F0F0B5 /* deu_frak.traineddata */,
				1A00267E2509E68300F0F0B5 /* deu.traineddata */,
				1A00269F2509E68900F0F0B5 /* div.traineddata */,
				1A0026812509E68300F0F0B5 /* dzo.traineddata */,
				1A0026D82509E69A00F0F0B5 /* ell.traineddata */,
				1A0026762509E68100F0F0B5 /* eng.traineddata */,
				1A0026C82509E69200F0F0B5 /* enm.traineddata */,
				1A0026B82509E68F00F0F0B5 /* epo.traineddata */,
				1A0026902509E68700F0F0B5 /* equ.traineddata */,
				1A0026CC2509E69300F0F0B5 /* est.traineddata */,
				1A0026D72509E69A00F0F0B5 /* eus.traineddata */,
				1A0026832509E68400F0F0B5 /* fao.traineddata */,
				1A00268C2509E68600F0F0B5 /* fas.traineddata */,
				1A0026CD2509E69300F0F0B5 /* fil.traineddata */,
				1A0026B12509E68D00F0F0B5 /* fin.traineddata */,
				1A0026DA2509E69B00F0F0B5 /* fra.traineddata */,
				1A0026A62509E68B00F0F0B5 /* frk.traineddata */,
				1A00266F2509E68000F0F0B5 /* frm.traineddata */,
				1A00267B2509E68300F0F0B5 /* fry.traineddata */,
				1A0026702509E68000F0F0B5 /* gla.traineddata */,
				1A00265A2509E67D00F0F0B5 /* gle.traineddata */,
				1A0026892509E68600F0F0B5 /* glg.traineddata */,
				1A0026652509E67E00F0F0B5 /* grc.traineddata */,
				1A0026DF2509E69B00F0F0B5 /* guj.traineddata */,
				1A0026942509E68700F0F0B5 /* hat.traineddata */,
				1A0026C52509E69100F0F0B5 /* heb.traineddata */,
				1A0026AC2509E68C00F0F0B5 /* hin.traineddata */,
				1A00269B2509E68900F0F0B5 /* hrv.traineddata */,
				1A0026962509E68800F0F0B5 /* hun.traineddata */,
				1A00267F2509E68300F0F0B5 /* hye.traineddata */,
				1A00266B2509E67F00F0F0B5 /* iku.traineddata */,
				1A0026A72509E68B00F0F0B5 /* ind.traineddata */,
				1A0026BF2509E69000F0F0B5 /* isl.traineddata */,
				1A0026D32509E69400F0F0B5 /* ita_old.traineddata */,
				1A0026622509E67E00F0F0B5 /* ita.traineddata */,
				1A0026DD2509E69B00F0F0B5 /* jav.traineddata */,
				1A0026C62509E69100F0F0B5 /* jpn_vert.traineddata */,
				1A0026792509E68200F0F0B5 /* jpn.traineddata */,
				1A0026682509E67F00F0F0B5 /* kan.traineddata */,
				1A0026A92509E68C00F0F0B5 /* kat_old.traineddata */,
				1A0026A12509E68A00F0F0B5 /* kat.traineddata */,
				1A0026C92509E69200F0F0B5 /* kaz.traineddata */,
				1A0026732509E68000F0F0B5 /* khm.traineddata */,
				1A0026CB2509E69200F0F0B5 /* kir.traineddata */,
				1A0026982509E68800F0F0B5 /* kmr.traineddata */,
				1A0026D12509E69300F0F0B5 /* kor_vert.traineddata */,
				1A00269C2509E68900F0F0B5 /* kor.traineddata */,
				1A0026C02509E69000F0F0B5 /* lao.traineddata */,
				1A0026DE2509E69B00F0F0B5 /* lat.traineddata */,
				1A00268B2509E68600F0F0B5 /* lav.traineddata */,
				1A0026DB2509E69B00F0F0B5 /* LICENSE */,
				1A0026DC2509E69B00F0F0B5 /* lit.traineddata */,
				1A0026AA2509E68C00F0F0B5 /* ltz.traineddata */,
				1A0026AB2509E68C00F0F0B5 /* mal.traineddata */,
				1A0026632509E67E00F0F0B5 /* mar.traineddata */,
				1A0026BD2509E69000F0F0B5 /* mkd.traineddata */,
				1A00269A2509E68800F0F0B5 /* mlt.traineddata */,
				1A0026612509E67D00F0F0B5 /* mon.traineddata */,
				1A0026912509E68700F0F0B5 /* mri.traineddata */,
				1A0026C42509E69100F0F0B5 /* msa.traineddata */,
				1A0026852509E68400F0F0B5 /* mya.traineddata */,
				1A00266A2509E67F00F0F0B5 /* nep.traineddata */,
				1A0026C32509E69100F0F0B5 /* nld.traineddata */,
				1A0026B42509E68E00F0F0B5 /* nor.traineddata */,
				1A00265D2509E67D00F0F0B5 /* oci.traineddata */,
				1A0026B72509E68F00F0F0B5 /* ori.traineddata */,
				1A00265F2509E67D00F0F0B5 /* osd.traineddata */,
				1A00269E2509E68900F0F0B5 /* pan.traineddata */,
				1A0026602509E67D00F0F0B5 /* pdf.ttf */,
				1A00266C2509E67F00F0F0B5 /* pol.traineddata */,
				1A0026AF2509E68D00F0F0B5 /* por.traineddata */,
				1A0026712509E68000F0F0B5 /* pus.traineddata */,
				1A0026B22509E68E00F0F0B5 /* que.traineddata */,
				1A0026742509E68000F0F0B5 /* README.md */,
				1A0026C22509E69100F0F0B5 /* ron.traineddata */,
				1A0026692509E67F00F0F0B5 /* rus.traineddata */,
				1A0026922509E68700F0F0B5 /* san.traineddata */,
				1A0026D52509E69A00F0F0B5 /* script */,
				1A0026AE2509E68C00F0F0B5 /* sin.traineddata */,
				1A0026B92509E68F00F0F0B5 /* slk_frak.traineddata */,
				1A0026752509E68100F0F0B5 /* slk.traineddata */,
				1A0026D02509E69300F0F0B5 /* slv.traineddata */,
				1A0026772509E68100F0F0B5 /* snd.traineddata */,
				1A00267A2509E68200F0F0B5 /* spa_old.traineddata */,
				1A0026BC2509E69000F0F0B5 /* spa.traineddata */,
				1A0026BA2509E68F00F0F0B5 /* sqi.traineddata */,
				1A0026872509E68400F0F0B5 /* srp_latn.traineddata */,
				1A0026592509E67D00F0F0B5 /* srp.traineddata */,
				1A0026A22509E68A00F0F0B5 /* sun.traineddata */,
				1A00269D2509E68900F0F0B5 /* swa.traineddata */,
				1A0026B02509E68D00F0F0B5 /* swe.traineddata */,
				1A0026D62509E69A00F0F0B5 /* syr.traineddata */,
				1A0026802509E68300F0F0B5 /* tam.traineddata */,
				1A00265E2509E67D00F0F0B5 /* tat.traineddata */,
				1A00265C2509E67D00F0F0B5 /* tel.traineddata */,
				1A00268D2509E68600F0F0B5 /* tessconfigs */,
				1A0026672509E67E00F0F0B5 /* tgk.traineddata */,
				1A0026782509E68100F0F0B5 /* tgl.traineddata */,
				1A0026A32509E68B00F0F0B5 /* tha.traineddata */,
				1A0026CF2509E69300F0F0B5 /* tir.traineddata */,
				1A0026B32509E68E00F0F0B5 /* ton.traineddata */,
				1A0026932509E68700F0F0B5 /* tur.traineddata */,
				1A00268A2509E68600F0F0B5 /* uig.traineddata */,
				1A0026D92509E69A00F0F0B5 /* ukr.traineddata */,
				1A0026842509E68400F0F0B5 /* urd.traineddata */,
				1A0026BB2509E68F00F0F0B5 /* uzb_cyrl.traineddata */,
				1A0026822509E68400F0F0B5 /* uzb.traineddata */,
				1A0026CE2509E69300F0F0B5 /* vie.traineddata */,
				1A0026AD2509E68C00F0F0B5 /* yid.traineddata */,
				1A0026A42509E68B00F0F0B5 /* yor.traineddata */,
			);
			path = tessdata;
			sourceTree = "<group>";
		};
		1A6DA6272501C1DC00E8423E = {
			isa = PBXGroup;
			children = (
				1A6DA6322501C1DC00E8423E /* ImageTranslate */,
				1A6DA6492501C1DD00E8423E /* ImageTranslateTests */,
				1A6DA6542501C1DD00E8423E /* ImageTranslateUITests */,
				1A6DA6312501C1DC00E8423E /* Products */,
				F07FE2D03CED4DA4DAA77BF9 /* Pods */,
				19124557FA2E4865917877FF /* Frameworks */,
			);
			sourceTree = "<group>";
		};
		1A6DA6312501C1DC00E8423E /* Products */ = {
			isa = PBXGroup;
			children = (
				1A6DA6302501C1DC00E8423E /* ImageTranslate.app */,
				1A6DA6462501C1DD00E8423E /* ImageTranslateTests.xctest */,
				1A6DA6512501C1DD00E8423E /* ImageTranslateUITests.xctest */,
			);
			name = Products;
			sourceTree = "<group>";
		};
		1A6DA6322501C1DC00E8423E /* ImageTranslate */ = {
			isa = PBXGroup;
			children = (
				1A0026582509E60000F0F0B5 /* tessdata */,
				1A0026522509DBAD00F0F0B5 /* Model */,
				1A00264F2509CEAC00F0F0B5 /* Utilities */,
				5D8FA660250920DF003F1EEB /* Resources */,
				1A6DA6372501C1DC00E8423E /* CameraViewController.swift */,
				1AEC09002509916000338E34 /* PhotoPreviewView.swift */,
				1A00264B2509C84F00F0F0B5 /* SavedViewController.swift */,
				1A00264D2509CE6B00F0F0B5 /* MainTabViewController.swift */,
				1A0026502509CF1300F0F0B5 /* SettingsViewController.swift */,
			);
			path = ImageTranslate;
			sourceTree = "<group>";
		};
		1A6DA6492501C1DD00E8423E /* ImageTranslateTests */ = {
			isa = PBXGroup;
			children = (
				1A6DA64A2501C1DD00E8423E /* ImageTranslateTests.swift */,
				1A6DA64C2501C1DD00E8423E /* Info.plist */,
			);
			path = ImageTranslateTests;
			sourceTree = "<group>";
		};
		1A6DA6542501C1DD00E8423E /* ImageTranslateUITests */ = {
			isa = PBXGroup;
			children = (
				1A6DA6552501C1DD00E8423E /* ImageTranslateUITests.swift */,
				1A6DA6572501C1DD00E8423E /* Info.plist */,
			);
			path = ImageTranslateUITests;
			sourceTree = "<group>";
		};
		5D8FA660250920DF003F1EEB /* Resources */ = {
			isa = PBXGroup;
			children = (
				1A6DA63E2501C1DD00E8423E /* LaunchScreen.storyboard */,
				1A6DA6332501C1DC00E8423E /* AppDelegate.swift */,
				1A6DA6352501C1DC00E8423E /* SceneDelegate.swift */,
				1A6DA63C2501C1DD00E8423E /* Assets.xcassets */,
				1A6DA6412501C1DD00E8423E /* Info.plist */,
			);
			path = Resources;
			sourceTree = "<group>";
		};
		F07FE2D03CED4DA4DAA77BF9 /* Pods */ = {
			isa = PBXGroup;
			children = (
				79354C465A5766CE84CAA58C /* Pods-ImageTranslate.debug.xcconfig */,
				8BF6ABE465B5D6DD6FBCF223 /* Pods-ImageTranslate.release.xcconfig */,
				F68855CC608C76235AD1CD75 /* Pods-ImageTranslate-ImageTranslateUITests.debug.xcconfig */,
				E35A8C78790833076E3869F7 /* Pods-ImageTranslate-ImageTranslateUITests.release.xcconfig */,
				012E264C6747BDF00FE13D04 /* Pods-ImageTranslateTests.debug.xcconfig */,
				B901B084F4D601E4D987288C /* Pods-ImageTranslateTests.release.xcconfig */,
			);
			path = Pods;
			sourceTree = "<group>";
		};
/* End PBXGroup section */

/* Begin PBXNativeTarget section */
		1A6DA62F2501C1DC00E8423E /* ImageTranslate */ = {
			isa = PBXNativeTarget;
			buildConfigurationList = 1A6DA65A2501C1DD00E8423E /* Build configuration list for PBXNativeTarget "ImageTranslate" */;
			buildPhases = (
				09ACFCFAB6A8690EF86E3835 /* [CP] Check Pods Manifest.lock */,
				1A6DA62C2501C1DC00E8423E /* Sources */,
				1A6DA62D2501C1DC00E8423E /* Frameworks */,
				1A6DA62E2501C1DC00E8423E /* Resources */,
				B18A9268C49FFE469C721F76 /* [CP] Embed Pods Frameworks */,
			);
			buildRules = (
			);
			dependencies = (
			);
			name = ImageTranslate;
			productName = ImageTranslate;
			productReference = 1A6DA6302501C1DC00E8423E /* ImageTranslate.app */;
			productType = "com.apple.product-type.application";
		};
		1A6DA6452501C1DD00E8423E /* ImageTranslateTests */ = {
			isa = PBXNativeTarget;
			buildConfigurationList = 1A6DA65D2501C1DD00E8423E /* Build configuration list for PBXNativeTarget "ImageTranslateTests" */;
			buildPhases = (
				5E41A9DC52DE150CDB5CFEDB /* [CP] Check Pods Manifest.lock */,
				1A6DA6422501C1DD00E8423E /* Sources */,
				1A6DA6432501C1DD00E8423E /* Frameworks */,
				1A6DA6442501C1DD00E8423E /* Resources */,
			);
			buildRules = (
			);
			dependencies = (
				1A6DA6482501C1DD00E8423E /* PBXTargetDependency */,
			);
			name = ImageTranslateTests;
			productName = ImageTranslateTests;
			productReference = 1A6DA6462501C1DD00E8423E /* ImageTranslateTests.xctest */;
			productType = "com.apple.product-type.bundle.unit-test";
		};
		1A6DA6502501C1DD00E8423E /* ImageTranslateUITests */ = {
			isa = PBXNativeTarget;
			buildConfigurationList = 1A6DA6602501C1DD00E8423E /* Build configuration list for PBXNativeTarget "ImageTranslateUITests" */;
			buildPhases = (
				A9021FA0692EB6030D6866EA /* [CP] Check Pods Manifest.lock */,
				1A6DA64D2501C1DD00E8423E /* Sources */,
				1A6DA64E2501C1DD00E8423E /* Frameworks */,
				1A6DA64F2501C1DD00E8423E /* Resources */,
				5076C68F0D13AEE74A935AFF /* [CP] Embed Pods Frameworks */,
			);
			buildRules = (
			);
			dependencies = (
				1A6DA6532501C1DD00E8423E /* PBXTargetDependency */,
			);
			name = ImageTranslateUITests;
			productName = ImageTranslateUITests;
			productReference = 1A6DA6512501C1DD00E8423E /* ImageTranslateUITests.xctest */;
			productType = "com.apple.product-type.bundle.ui-testing";
		};
/* End PBXNativeTarget section */

/* Begin PBXProject section */
		1A6DA6282501C1DC00E8423E /* Project object */ = {
			isa = PBXProject;
			attributes = {
				LastSwiftUpdateCheck = 1170;
				LastUpgradeCheck = 1170;
				ORGANIZATIONNAME = "Aaron Cleveland";
				TargetAttributes = {
					1A6DA62F2501C1DC00E8423E = {
						CreatedOnToolsVersion = 11.7;
					};
					1A6DA6452501C1DD00E8423E = {
						CreatedOnToolsVersion = 11.7;
						TestTargetID = 1A6DA62F2501C1DC00E8423E;
					};
					1A6DA6502501C1DD00E8423E = {
						CreatedOnToolsVersion = 11.7;
						TestTargetID = 1A6DA62F2501C1DC00E8423E;
					};
				};
			};
			buildConfigurationList = 1A6DA62B2501C1DC00E8423E /* Build configuration list for PBXProject "ImageTranslate" */;
			compatibilityVersion = "Xcode 9.3";
			developmentRegion = en;
			hasScannedForEncodings = 0;
			knownRegions = (
				en,
				Base,
			);
			mainGroup = 1A6DA6272501C1DC00E8423E;
			productRefGroup = 1A6DA6312501C1DC00E8423E /* Products */;
			projectDirPath = "";
			projectRoot = "";
			targets = (
				1A6DA62F2501C1DC00E8423E /* ImageTranslate */,
				1A6DA6452501C1DD00E8423E /* ImageTranslateTests */,
				1A6DA6502501C1DD00E8423E /* ImageTranslateUITests */,
			);
		};
/* End PBXProject section */

/* Begin PBXResourcesBuildPhase section */
		1A6DA62E2501C1DC00E8423E /* Resources */ = {
			isa = PBXResourcesBuildPhase;
			buildActionMask = 2147483647;
			files = (
				1A0027012509E69B00F0F0B5 /* spa_old.traineddata in Resources */,
				1A0027502509E69C00F0F0B5 /* kaz.traineddata in Resources */,
				1A0027662509E69C00F0F0B5 /* guj.traineddata in Resources */,
				1A00270D2509E69B00F0F0B5 /* dan.traineddata in Resources */,
				1A00272B2509E69B00F0F0B5 /* yor.traineddata in Resources */,
				1A0027582509E69C00F0F0B5 /* kor_vert.traineddata in Resources */,
				1A0027532509E69C00F0F0B5 /* est.traineddata in Resources */,
				1A0027452509E69C00F0F0B5 /* ben.traineddata in Resources */,
				1A00275B2509E69C00F0F0B5 /* afr.traineddata in Resources */,
				1A0026F72509E69B00F0F0B5 /* gla.traineddata in Resources */,
				1A0026E42509E69B00F0F0B5 /* oci.traineddata in Resources */,
				1A0027322509E69C00F0F0B5 /* mal.traineddata in Resources */,
				1A0027512509E69C00F0F0B5 /* configs in Resources */,
				1A00271E2509E69B00F0F0B5 /* aze.traineddata in Resources */,
				1A00274A2509E69C00F0F0B5 /* nld.traineddata in Resources */,
				1A00271C2509E69B00F0F0B5 /* dan_frak.traineddata in Resources */,
				1A0027522509E69C00F0F0B5 /* kir.traineddata in Resources */,
				1A00275E2509E69C00F0F0B5 /* eus.traineddata in Resources */,
				1A0027492509E69C00F0F0B5 /* ron.traineddata in Resources */,
				1A0027282509E69B00F0F0B5 /* kat.traineddata in Resources */,
				1A0027092509E69B00F0F0B5 /* uzb.traineddata in Resources */,
				1A0027302509E69C00F0F0B5 /* kat_old.traineddata in Resources */,
				1A0027372509E69C00F0F0B5 /* swe.traineddata in Resources */,
				1A0027242509E69B00F0F0B5 /* swa.traineddata in Resources */,
				1A0026EC2509E69B00F0F0B5 /* grc.traineddata in Resources */,
				1A0027072509E69B00F0F0B5 /* tam.traineddata in Resources */,
				1A0026EF2509E69B00F0F0B5 /* kan.traineddata in Resources */,
				1A00271D2509E69B00F0F0B5 /* hun.traineddata in Resources */,
				1A00274C2509E69C00F0F0B5 /* heb.traineddata in Resources */,
				1A0027642509E69C00F0F0B5 /* jav.traineddata in Resources */,
				1A0026F52509E69B00F0F0B5 /* chi_sim_vert.traineddata in Resources */,
				1A00275D2509E69C00F0F0B5 /* syr.traineddata in Resources */,
				1A0026F82509E69B00F0F0B5 /* pus.traineddata in Resources */,
				1A0026F62509E69B00F0F0B5 /* frm.traineddata in Resources */,
				1A00272D2509E69C00F0F0B5 /* frk.traineddata in Resources */,
				1A0027362509E69C00F0F0B5 /* por.traineddata in Resources */,
				1A6DA6402501C1DD00E8423E /* LaunchScreen.storyboard in Resources */,
				1A00273C2509E69C00F0F0B5 /* chr.traineddata in Resources */,
				1A0027382509E69C00F0F0B5 /* fin.traineddata in Resources */,
				1A0027402509E69C00F0F0B5 /* slk_frak.traineddata in Resources */,
				1A00274E2509E69C00F0F0B5 /* asm.traineddata in Resources */,
				1A0027462509E69C00F0F0B5 /* isl.traineddata in Resources */,
				1A0027002509E69B00F0F0B5 /* jpn.traineddata in Resources */,
				1A00273F2509E69C00F0F0B5 /* epo.traineddata in Resources */,
				1A0026E82509E69B00F0F0B5 /* mon.traineddata in Resources */,
				1A0027572509E69C00F0F0B5 /* slv.traineddata in Resources */,
				1A00272F2509E69C00F0F0B5 /* cos.traineddata in Resources */,
				1A0027062509E69B00F0F0B5 /* hye.traineddata in Resources */,
				1A0027292509E69B00F0F0B5 /* sun.traineddata in Resources */,
				1A0027082509E69B00F0F0B5 /* dzo.traineddata in Resources */,
				1A00273A2509E69C00F0F0B5 /* ton.traineddata in Resources */,
				1A0027212509E69B00F0F0B5 /* mlt.traineddata in Resources */,
				1A0026EB2509E69B00F0F0B5 /* bul.traineddata in Resources */,
				1A0027542509E69C00F0F0B5 /* fil.traineddata in Resources */,
				1A0027102509E69B00F0F0B5 /* glg.traineddata in Resources */,
				1A0027152509E69B00F0F0B5 /* bos.traineddata in Resources */,
				1A00275A2509E69C00F0F0B5 /* ita_old.traineddata in Resources */,
				1A0026E32509E69B00F0F0B5 /* tel.traineddata in Resources */,
				1A0027592509E69C00F0F0B5 /* ceb.traineddata in Resources */,
				1A00275F2509E69C00F0F0B5 /* ell.traineddata in Resources */,
				1A0027352509E69C00F0F0B5 /* sin.traineddata in Resources */,
				1A0026ED2509E69B00F0F0B5 /* cat.traineddata in Resources */,
				1A0027482509E69C00F0F0B5 /* bre.traineddata in Resources */,
				1A0027312509E69C00F0F0B5 /* ltz.traineddata in Resources */,
				1A0026FB2509E69B00F0F0B5 /* README.md in Resources */,
				1A0026E92509E69B00F0F0B5 /* ita.traineddata in Resources */,
				1A0027132509E69B00F0F0B5 /* fas.traineddata in Resources */,
				1A0027252509E69B00F0F0B5 /* pan.traineddata in Resources */,
				1A0027232509E69B00F0F0B5 /* kor.traineddata in Resources */,
				1A6DA63D2501C1DD00E8423E /* Assets.xcassets in Resources */,
				1A0027272509E69B00F0F0B5 /* chi_sim.traineddata in Resources */,
				1A00273E2509E69C00F0F0B5 /* ori.traineddata in Resources */,
				1A0026FF2509E69B00F0F0B5 /* tgl.traineddata in Resources */,
				1A0026E62509E69B00F0F0B5 /* osd.traineddata in Resources */,
				1A0026F02509E69B00F0F0B5 /* rus.traineddata in Resources */,
				1A0027182509E69B00F0F0B5 /* mri.traineddata in Resources */,
				1A0027052509E69B00F0F0B5 /* deu.traineddata in Resources */,
				1A0027612509E69C00F0F0B5 /* fra.traineddata in Resources */,
				1A00273D2509E69C00F0F0B5 /* amh.traineddata in Resources */,
				1A0027112509E69B00F0F0B5 /* uig.traineddata in Resources */,
				1A00275C2509E69C00F0F0B5 /* script in Resources */,
				1A0027222509E69B00F0F0B5 /* hrv.traineddata in Resources */,
				1A00274B2509E69C00F0F0B5 /* msa.traineddata in Resources */,
				1A0026E12509E69B00F0F0B5 /* gle.traineddata in Resources */,
				1A0027192509E69B00F0F0B5 /* san.traineddata in Resources */,
				1A0027562509E69C00F0F0B5 /* tir.traineddata in Resources */,
				1A00274F2509E69C00F0F0B5 /* enm.traineddata in Resources */,
				1A0027022509E69B00F0F0B5 /* fry.traineddata in Resources */,
				1A0027602509E69C00F0F0B5 /* ukr.traineddata in Resources */,
				1A0027622509E69C00F0F0B5 /* LICENSE in Resources */,
				1A00270A2509E69B00F0F0B5 /* fao.traineddata in Resources */,
				1A0027632509E69C00F0F0B5 /* lit.traineddata in Resources */,
				1A0027442509E69C00F0F0B5 /* mkd.traineddata in Resources */,
				1A0027162509E69B00F0F0B5 /* ces.traineddata in Resources */,
				1A00270E2509E69B00F0F0B5 /* srp_latn.traineddata in Resources */,
				1A0026F22509E69B00F0F0B5 /* iku.traineddata in Resources */,
				1A0026E22509E69B00F0F0B5 /* cym.traineddata in Resources */,
				1A0026F32509E69B00F0F0B5 /* pol.traineddata in Resources */,
				1A0026FC2509E69B00F0F0B5 /* slk.traineddata in Resources */,
				1A0026FA2509E69B00F0F0B5 /* khm.traineddata in Resources */,
				1A0027332509E69C00F0F0B5 /* hin.traineddata in Resources */,
				1A00271A2509E69B00F0F0B5 /* tur.traineddata in Resources */,
				1A00270C2509E69B00F0F0B5 /* mya.traineddata in Resources */,
				1A00270B2509E69B00F0F0B5 /* urd.traineddata in Resources */,
				1A0026FE2509E69B00F0F0B5 /* snd.traineddata in Resources */,
				1A0026F92509E69B00F0F0B5 /* deu_frak.traineddata in Resources */,
				1A0027392509E69C00F0F0B5 /* que.traineddata in Resources */,
				1A00271F2509E69B00F0F0B5 /* kmr.traineddata in Resources */,
				1A00272E2509E69C00F0F0B5 /* ind.traineddata in Resources */,
				1A0027262509E69B00F0F0B5 /* div.traineddata in Resources */,
				1A0026FD2509E69B00F0F0B5 /* eng.traineddata in Resources */,
				1A00272A2509E69B00F0F0B5 /* tha.traineddata in Resources */,
				1A0027422509E69C00F0F0B5 /* uzb_cyrl.traineddata in Resources */,
				1A0027342509E69C00F0F0B5 /* yid.traineddata in Resources */,
				1A0027552509E69C00F0F0B5 /* vie.traineddata in Resources */,
				1A00274D2509E69C00F0F0B5 /* jpn_vert.traineddata in Resources */,
				1A00270F2509E69B00F0F0B5 /* chi_tra.traineddata in Resources */,
				1A0026EE2509E69B00F0F0B5 /* tgk.traineddata in Resources */,
				1A00273B2509E69C00F0F0B5 /* nor.traineddata in Resources */,
				1A0026E02509E69B00F0F0B5 /* srp.traineddata in Resources */,
				1A0027652509E69C00F0F0B5 /* lat.traineddata in Resources */,
				1A0026E52509E69B00F0F0B5 /* tat.traineddata in Resources */,
				1A0027122509E69B00F0F0B5 /* lav.traineddata in Resources */,
				1A0027202509E69B00F0F0B5 /* aze_cyrl.traineddata in Resources */,
				1A0026F12509E69B00F0F0B5 /* nep.traineddata in Resources */,
				1A00272C2509E69C00F0F0B5 /* bel.traineddata in Resources */,
				1A0026E72509E69B00F0F0B5 /* pdf.ttf in Resources */,
				1A0027142509E69B00F0F0B5 /* tessconfigs in Resources */,
				1A0027172509E69B00F0F0B5 /* equ.traineddata in Resources */,
				1A0027032509E69B00F0F0B5 /* bod.traineddata in Resources */,
				1A0027042509E69B00F0F0B5 /* ara.traineddata in Resources */,
				1A00271B2509E69B00F0F0B5 /* hat.traineddata in Resources */,
				1A0026F42509E69B00F0F0B5 /* chi_tra_vert.traineddata in Resources */,
				1A0026EA2509E69B00F0F0B5 /* mar.traineddata in Resources */,
				1A0027432509E69C00F0F0B5 /* spa.traineddata in Resources */,
				1A0027472509E69C00F0F0B5 /* lao.traineddata in Resources */,
				1A0027412509E69C00F0F0B5 /* sqi.traineddata in Resources */,
			);
			runOnlyForDeploymentPostprocessing = 0;
		};
		1A6DA6442501C1DD00E8423E /* Resources */ = {
			isa = PBXResourcesBuildPhase;
			buildActionMask = 2147483647;
			files = (
			);
			runOnlyForDeploymentPostprocessing = 0;
		};
		1A6DA64F2501C1DD00E8423E /* Resources */ = {
			isa = PBXResourcesBuildPhase;
			buildActionMask = 2147483647;
			files = (
			);
			runOnlyForDeploymentPostprocessing = 0;
		};
/* End PBXResourcesBuildPhase section */

/* Begin PBXShellScriptBuildPhase section */
		09ACFCFAB6A8690EF86E3835 /* [CP] Check Pods Manifest.lock */ = {
			isa = PBXShellScriptBuildPhase;
			buildActionMask = 2147483647;
			files = (
			);
			inputFileListPaths = (
			);
			inputPaths = (
				"${PODS_PODFILE_DIR_PATH}/Podfile.lock",
				"${PODS_ROOT}/Manifest.lock",
			);
			name = "[CP] Check Pods Manifest.lock";
			outputFileListPaths = (
			);
			outputPaths = (
				"$(DERIVED_FILE_DIR)/Pods-ImageTranslate-checkManifestLockResult.txt",
			);
			runOnlyForDeploymentPostprocessing = 0;
			shellPath = /bin/sh;
			shellScript = "diff \"${PODS_PODFILE_DIR_PATH}/Podfile.lock\" \"${PODS_ROOT}/Manifest.lock\" > /dev/null\nif [ $? != 0 ] ; then\n    # print error to STDERR\n    echo \"error: The sandbox is not in sync with the Podfile.lock. Run 'pod install' or update your CocoaPods installation.\" >&2\n    exit 1\nfi\n# This output is used by Xcode 'outputs' to avoid re-running this script phase.\necho \"SUCCESS\" > \"${SCRIPT_OUTPUT_FILE_0}\"\n";
			showEnvVarsInLog = 0;
		};
		5076C68F0D13AEE74A935AFF /* [CP] Embed Pods Frameworks */ = {
			isa = PBXShellScriptBuildPhase;
			buildActionMask = 2147483647;
			files = (
			);
			inputFileListPaths = (
				"${PODS_ROOT}/Target Support Files/Pods-ImageTranslate-ImageTranslateUITests/Pods-ImageTranslate-ImageTranslateUITests-frameworks-${CONFIGURATION}-input-files.xcfilelist",
			);
			name = "[CP] Embed Pods Frameworks";
			outputFileListPaths = (
				"${PODS_ROOT}/Target Support Files/Pods-ImageTranslate-ImageTranslateUITests/Pods-ImageTranslate-ImageTranslateUITests-frameworks-${CONFIGURATION}-output-files.xcfilelist",
			);
			runOnlyForDeploymentPostprocessing = 0;
			shellPath = /bin/sh;
			shellScript = "\"${PODS_ROOT}/Target Support Files/Pods-ImageTranslate-ImageTranslateUITests/Pods-ImageTranslate-ImageTranslateUITests-frameworks.sh\"\n";
			showEnvVarsInLog = 0;
		};
		5E41A9DC52DE150CDB5CFEDB /* [CP] Check Pods Manifest.lock */ = {
			isa = PBXShellScriptBuildPhase;
			buildActionMask = 2147483647;
			files = (
			);
			inputFileListPaths = (
			);
			inputPaths = (
				"${PODS_PODFILE_DIR_PATH}/Podfile.lock",
				"${PODS_ROOT}/Manifest.lock",
			);
			name = "[CP] Check Pods Manifest.lock";
			outputFileListPaths = (
			);
			outputPaths = (
				"$(DERIVED_FILE_DIR)/Pods-ImageTranslateTests-checkManifestLockResult.txt",
			);
			runOnlyForDeploymentPostprocessing = 0;
			shellPath = /bin/sh;
			shellScript = "diff \"${PODS_PODFILE_DIR_PATH}/Podfile.lock\" \"${PODS_ROOT}/Manifest.lock\" > /dev/null\nif [ $? != 0 ] ; then\n    # print error to STDERR\n    echo \"error: The sandbox is not in sync with the Podfile.lock. Run 'pod install' or update your CocoaPods installation.\" >&2\n    exit 1\nfi\n# This output is used by Xcode 'outputs' to avoid re-running this script phase.\necho \"SUCCESS\" > \"${SCRIPT_OUTPUT_FILE_0}\"\n";
			showEnvVarsInLog = 0;
		};
		A9021FA0692EB6030D6866EA /* [CP] Check Pods Manifest.lock */ = {
			isa = PBXShellScriptBuildPhase;
			buildActionMask = 2147483647;
			files = (
			);
			inputFileListPaths = (
			);
			inputPaths = (
				"${PODS_PODFILE_DIR_PATH}/Podfile.lock",
				"${PODS_ROOT}/Manifest.lock",
			);
			name = "[CP] Check Pods Manifest.lock";
			outputFileListPaths = (
			);
			outputPaths = (
				"$(DERIVED_FILE_DIR)/Pods-ImageTranslate-ImageTranslateUITests-checkManifestLockResult.txt",
			);
			runOnlyForDeploymentPostprocessing = 0;
			shellPath = /bin/sh;
			shellScript = "diff \"${PODS_PODFILE_DIR_PATH}/Podfile.lock\" \"${PODS_ROOT}/Manifest.lock\" > /dev/null\nif [ $? != 0 ] ; then\n    # print error to STDERR\n    echo \"error: The sandbox is not in sync with the Podfile.lock. Run 'pod install' or update your CocoaPods installation.\" >&2\n    exit 1\nfi\n# This output is used by Xcode 'outputs' to avoid re-running this script phase.\necho \"SUCCESS\" > \"${SCRIPT_OUTPUT_FILE_0}\"\n";
			showEnvVarsInLog = 0;
		};
		B18A9268C49FFE469C721F76 /* [CP] Embed Pods Frameworks */ = {
			isa = PBXShellScriptBuildPhase;
			buildActionMask = 2147483647;
			files = (
			);
			inputFileListPaths = (
				"${PODS_ROOT}/Target Support Files/Pods-ImageTranslate/Pods-ImageTranslate-frameworks-${CONFIGURATION}-input-files.xcfilelist",
			);
			name = "[CP] Embed Pods Frameworks";
			outputFileListPaths = (
				"${PODS_ROOT}/Target Support Files/Pods-ImageTranslate/Pods-ImageTranslate-frameworks-${CONFIGURATION}-output-files.xcfilelist",
			);
			runOnlyForDeploymentPostprocessing = 0;
			shellPath = /bin/sh;
			shellScript = "\"${PODS_ROOT}/Target Support Files/Pods-ImageTranslate/Pods-ImageTranslate-frameworks.sh\"\n";
			showEnvVarsInLog = 0;
		};
/* End PBXShellScriptBuildPhase section */

/* Begin PBXSourcesBuildPhase section */
		1A6DA62C2501C1DC00E8423E /* Sources */ = {
			isa = PBXSourcesBuildPhase;
			buildActionMask = 2147483647;
			files = (
				1AEC09012509916000338E34 /* PhotoPreviewView.swift in Sources */,
				1A6DA6382501C1DC00E8423E /* CameraViewController.swift in Sources */,
				1A00264C2509C84F00F0F0B5 /* SavedViewController.swift in Sources */,
				1ABE460A2509956100FD7345 /* UIView+Extensions.swift in Sources */,
				1A6DA6342501C1DC00E8423E /* AppDelegate.swift in Sources */,
				1A0026572509DBD100F0F0B5 /* CoreDataStack.swift in Sources */,
				1A00264E2509CE6B00F0F0B5 /* MainTabViewController.swift in Sources */,
				1A6DA6362501C1DC00E8423E /* SceneDelegate.swift in Sources */,
				1A0026552509DBC500F0F0B5 /* ImageTranslate.xcdatamodeld in Sources */,
				1A0026512509CF1300F0F0B5 /* SettingsViewController.swift in Sources */,
			);
			runOnlyForDeploymentPostprocessing = 0;
		};
		1A6DA6422501C1DD00E8423E /* Sources */ = {
			isa = PBXSourcesBuildPhase;
			buildActionMask = 2147483647;
			files = (
				1A6DA64B2501C1DD00E8423E /* ImageTranslateTests.swift in Sources */,
			);
			runOnlyForDeploymentPostprocessing = 0;
		};
		1A6DA64D2501C1DD00E8423E /* Sources */ = {
			isa = PBXSourcesBuildPhase;
			buildActionMask = 2147483647;
			files = (
				1A6DA6562501C1DD00E8423E /* ImageTranslateUITests.swift in Sources */,
			);
			runOnlyForDeploymentPostprocessing = 0;
		};
/* End PBXSourcesBuildPhase section */

/* Begin PBXTargetDependency section */
		1A6DA6482501C1DD00E8423E /* PBXTargetDependency */ = {
			isa = PBXTargetDependency;
			target = 1A6DA62F2501C1DC00E8423E /* ImageTranslate */;
			targetProxy = 1A6DA6472501C1DD00E8423E /* PBXContainerItemProxy */;
		};
		1A6DA6532501C1DD00E8423E /* PBXTargetDependency */ = {
			isa = PBXTargetDependency;
			target = 1A6DA62F2501C1DC00E8423E /* ImageTranslate */;
			targetProxy = 1A6DA6522501C1DD00E8423E /* PBXContainerItemProxy */;
		};
/* End PBXTargetDependency section */

/* Begin PBXVariantGroup section */
		1A6DA63E2501C1DD00E8423E /* LaunchScreen.storyboard */ = {
			isa = PBXVariantGroup;
			children = (
				1A6DA63F2501C1DD00E8423E /* Base */,
			);
			name = LaunchScreen.storyboard;
			sourceTree = "<group>";
		};
/* End PBXVariantGroup section */

/* Begin XCBuildConfiguration section */
		1A6DA6582501C1DD00E8423E /* Debug */ = {
			isa = XCBuildConfiguration;
			buildSettings = {
				ALWAYS_SEARCH_USER_PATHS = NO;
				CLANG_ANALYZER_NONNULL = YES;
				CLANG_ANALYZER_NUMBER_OBJECT_CONVERSION = YES_AGGRESSIVE;
				CLANG_CXX_LANGUAGE_STANDARD = "gnu++14";
				CLANG_CXX_LIBRARY = "libc++";
				CLANG_ENABLE_MODULES = YES;
				CLANG_ENABLE_OBJC_ARC = YES;
				CLANG_ENABLE_OBJC_WEAK = YES;
				CLANG_WARN_BLOCK_CAPTURE_AUTORELEASING = YES;
				CLANG_WARN_BOOL_CONVERSION = YES;
				CLANG_WARN_COMMA = YES;
				CLANG_WARN_CONSTANT_CONVERSION = YES;
				CLANG_WARN_DEPRECATED_OBJC_IMPLEMENTATIONS = YES;
				CLANG_WARN_DIRECT_OBJC_ISA_USAGE = YES_ERROR;
				CLANG_WARN_DOCUMENTATION_COMMENTS = YES;
				CLANG_WARN_EMPTY_BODY = YES;
				CLANG_WARN_ENUM_CONVERSION = YES;
				CLANG_WARN_INFINITE_RECURSION = YES;
				CLANG_WARN_INT_CONVERSION = YES;
				CLANG_WARN_NON_LITERAL_NULL_CONVERSION = YES;
				CLANG_WARN_OBJC_IMPLICIT_RETAIN_SELF = YES;
				CLANG_WARN_OBJC_LITERAL_CONVERSION = YES;
				CLANG_WARN_OBJC_ROOT_CLASS = YES_ERROR;
				CLANG_WARN_RANGE_LOOP_ANALYSIS = YES;
				CLANG_WARN_STRICT_PROTOTYPES = YES;
				CLANG_WARN_SUSPICIOUS_MOVE = YES;
				CLANG_WARN_UNGUARDED_AVAILABILITY = YES_AGGRESSIVE;
				CLANG_WARN_UNREACHABLE_CODE = YES;
				CLANG_WARN__DUPLICATE_METHOD_MATCH = YES;
				COPY_PHASE_STRIP = NO;
				DEBUG_INFORMATION_FORMAT = dwarf;
				ENABLE_STRICT_OBJC_MSGSEND = YES;
				ENABLE_TESTABILITY = YES;
				GCC_C_LANGUAGE_STANDARD = gnu11;
				GCC_DYNAMIC_NO_PIC = NO;
				GCC_NO_COMMON_BLOCKS = YES;
				GCC_OPTIMIZATION_LEVEL = 0;
				GCC_PREPROCESSOR_DEFINITIONS = (
					"DEBUG=1",
					"$(inherited)",
				);
				GCC_WARN_64_TO_32_BIT_CONVERSION = YES;
				GCC_WARN_ABOUT_RETURN_TYPE = YES_ERROR;
				GCC_WARN_UNDECLARED_SELECTOR = YES;
				GCC_WARN_UNINITIALIZED_AUTOS = YES_AGGRESSIVE;
				GCC_WARN_UNUSED_FUNCTION = YES;
				GCC_WARN_UNUSED_VARIABLE = YES;
				IPHONEOS_DEPLOYMENT_TARGET = 13.7;
				MTL_ENABLE_DEBUG_INFO = INCLUDE_SOURCE;
				MTL_FAST_MATH = YES;
				ONLY_ACTIVE_ARCH = YES;
				SDKROOT = iphoneos;
				SWIFT_ACTIVE_COMPILATION_CONDITIONS = DEBUG;
				SWIFT_OPTIMIZATION_LEVEL = "-Onone";
			};
			name = Debug;
		};
		1A6DA6592501C1DD00E8423E /* Release */ = {
			isa = XCBuildConfiguration;
			buildSettings = {
				ALWAYS_SEARCH_USER_PATHS = NO;
				CLANG_ANALYZER_NONNULL = YES;
				CLANG_ANALYZER_NUMBER_OBJECT_CONVERSION = YES_AGGRESSIVE;
				CLANG_CXX_LANGUAGE_STANDARD = "gnu++14";
				CLANG_CXX_LIBRARY = "libc++";
				CLANG_ENABLE_MODULES = YES;
				CLANG_ENABLE_OBJC_ARC = YES;
				CLANG_ENABLE_OBJC_WEAK = YES;
				CLANG_WARN_BLOCK_CAPTURE_AUTORELEASING = YES;
				CLANG_WARN_BOOL_CONVERSION = YES;
				CLANG_WARN_COMMA = YES;
				CLANG_WARN_CONSTANT_CONVERSION = YES;
				CLANG_WARN_DEPRECATED_OBJC_IMPLEMENTATIONS = YES;
				CLANG_WARN_DIRECT_OBJC_ISA_USAGE = YES_ERROR;
				CLANG_WARN_DOCUMENTATION_COMMENTS = YES;
				CLANG_WARN_EMPTY_BODY = YES;
				CLANG_WARN_ENUM_CONVERSION = YES;
				CLANG_WARN_INFINITE_RECURSION = YES;
				CLANG_WARN_INT_CONVERSION = YES;
				CLANG_WARN_NON_LITERAL_NULL_CONVERSION = YES;
				CLANG_WARN_OBJC_IMPLICIT_RETAIN_SELF = YES;
				CLANG_WARN_OBJC_LITERAL_CONVERSION = YES;
				CLANG_WARN_OBJC_ROOT_CLASS = YES_ERROR;
				CLANG_WARN_RANGE_LOOP_ANALYSIS = YES;
				CLANG_WARN_STRICT_PROTOTYPES = YES;
				CLANG_WARN_SUSPICIOUS_MOVE = YES;
				CLANG_WARN_UNGUARDED_AVAILABILITY = YES_AGGRESSIVE;
				CLANG_WARN_UNREACHABLE_CODE = YES;
				CLANG_WARN__DUPLICATE_METHOD_MATCH = YES;
				COPY_PHASE_STRIP = NO;
				DEBUG_INFORMATION_FORMAT = "dwarf-with-dsym";
				ENABLE_NS_ASSERTIONS = NO;
				ENABLE_STRICT_OBJC_MSGSEND = YES;
				GCC_C_LANGUAGE_STANDARD = gnu11;
				GCC_NO_COMMON_BLOCKS = YES;
				GCC_WARN_64_TO_32_BIT_CONVERSION = YES;
				GCC_WARN_ABOUT_RETURN_TYPE = YES_ERROR;
				GCC_WARN_UNDECLARED_SELECTOR = YES;
				GCC_WARN_UNINITIALIZED_AUTOS = YES_AGGRESSIVE;
				GCC_WARN_UNUSED_FUNCTION = YES;
				GCC_WARN_UNUSED_VARIABLE = YES;
				IPHONEOS_DEPLOYMENT_TARGET = 13.7;
				MTL_ENABLE_DEBUG_INFO = NO;
				MTL_FAST_MATH = YES;
				SDKROOT = iphoneos;
				SWIFT_COMPILATION_MODE = wholemodule;
				SWIFT_OPTIMIZATION_LEVEL = "-O";
				VALIDATE_PRODUCT = YES;
			};
			name = Release;
		};
		1A6DA65B2501C1DD00E8423E /* Debug */ = {
			isa = XCBuildConfiguration;
			baseConfigurationReference = 79354C465A5766CE84CAA58C /* Pods-ImageTranslate.debug.xcconfig */;
			buildSettings = {
				ASSETCATALOG_COMPILER_APPICON_NAME = AppIcon;
				CODE_SIGN_STYLE = Automatic;
				DEVELOPMENT_TEAM = 7G4A2JWWKQ;
				INFOPLIST_FILE = "$(SRCROOT)/ImageTranslate/Resources/Info.plist";
				IPHONEOS_DEPLOYMENT_TARGET = 13.5;
				LD_RUNPATH_SEARCH_PATHS = (
					"$(inherited)",
					"@executable_path/Frameworks",
				);
				PRODUCT_BUNDLE_IDENTIFIER = com.AaronCleveland.ImageTranslate;
				PRODUCT_NAME = "$(TARGET_NAME)";
				SWIFT_VERSION = 5.0;
				TARGETED_DEVICE_FAMILY = 1;
			};
			name = Debug;
		};
		1A6DA65C2501C1DD00E8423E /* Release */ = {
			isa = XCBuildConfiguration;
			baseConfigurationReference = 8BF6ABE465B5D6DD6FBCF223 /* Pods-ImageTranslate.release.xcconfig */;
			buildSettings = {
				ASSETCATALOG_COMPILER_APPICON_NAME = AppIcon;
				CODE_SIGN_STYLE = Automatic;
				DEVELOPMENT_TEAM = 7G4A2JWWKQ;
				INFOPLIST_FILE = "$(SRCROOT)/ImageTranslate/Resources/Info.plist";
				IPHONEOS_DEPLOYMENT_TARGET = 13.5;
				LD_RUNPATH_SEARCH_PATHS = (
					"$(inherited)",
					"@executable_path/Frameworks",
				);
				PRODUCT_BUNDLE_IDENTIFIER = com.AaronCleveland.ImageTranslate;
				PRODUCT_NAME = "$(TARGET_NAME)";
				SWIFT_VERSION = 5.0;
				TARGETED_DEVICE_FAMILY = 1;
			};
			name = Release;
		};
		1A6DA65E2501C1DD00E8423E /* Debug */ = {
			isa = XCBuildConfiguration;
			baseConfigurationReference = 012E264C6747BDF00FE13D04 /* Pods-ImageTranslateTests.debug.xcconfig */;
			buildSettings = {
				ALWAYS_EMBED_SWIFT_STANDARD_LIBRARIES = YES;
				BUNDLE_LOADER = "$(TEST_HOST)";
				CODE_SIGN_STYLE = Automatic;
				DEVELOPMENT_TEAM = 7G4A2JWWKQ;
				INFOPLIST_FILE = ImageTranslateTests/Info.plist;
				IPHONEOS_DEPLOYMENT_TARGET = 13.7;
				LD_RUNPATH_SEARCH_PATHS = (
					"$(inherited)",
					"@executable_path/Frameworks",
					"@loader_path/Frameworks",
				);
				PRODUCT_BUNDLE_IDENTIFIER = com.AaronCleveland.ImageTranslateTests;
				PRODUCT_NAME = "$(TARGET_NAME)";
				SWIFT_VERSION = 5.0;
				TARGETED_DEVICE_FAMILY = "1,2";
				TEST_HOST = "$(BUILT_PRODUCTS_DIR)/ImageTranslate.app/ImageTranslate";
			};
			name = Debug;
		};
		1A6DA65F2501C1DD00E8423E /* Release */ = {
			isa = XCBuildConfiguration;
			baseConfigurationReference = B901B084F4D601E4D987288C /* Pods-ImageTranslateTests.release.xcconfig */;
			buildSettings = {
				ALWAYS_EMBED_SWIFT_STANDARD_LIBRARIES = YES;
				BUNDLE_LOADER = "$(TEST_HOST)";
				CODE_SIGN_STYLE = Automatic;
				DEVELOPMENT_TEAM = 7G4A2JWWKQ;
				INFOPLIST_FILE = ImageTranslateTests/Info.plist;
				IPHONEOS_DEPLOYMENT_TARGET = 13.7;
				LD_RUNPATH_SEARCH_PATHS = (
					"$(inherited)",
					"@executable_path/Frameworks",
					"@loader_path/Frameworks",
				);
				PRODUCT_BUNDLE_IDENTIFIER = com.AaronCleveland.ImageTranslateTests;
				PRODUCT_NAME = "$(TARGET_NAME)";
				SWIFT_VERSION = 5.0;
				TARGETED_DEVICE_FAMILY = "1,2";
				TEST_HOST = "$(BUILT_PRODUCTS_DIR)/ImageTranslate.app/ImageTranslate";
			};
			name = Release;
		};
		1A6DA6612501C1DD00E8423E /* Debug */ = {
			isa = XCBuildConfiguration;
			baseConfigurationReference = F68855CC608C76235AD1CD75 /* Pods-ImageTranslate-ImageTranslateUITests.debug.xcconfig */;
			buildSettings = {
				ALWAYS_EMBED_SWIFT_STANDARD_LIBRARIES = YES;
				CODE_SIGN_STYLE = Automatic;
				DEVELOPMENT_TEAM = 7G4A2JWWKQ;
				INFOPLIST_FILE = ImageTranslateUITests/Info.plist;
				LD_RUNPATH_SEARCH_PATHS = (
					"$(inherited)",
					"@executable_path/Frameworks",
					"@loader_path/Frameworks",
				);
				PRODUCT_BUNDLE_IDENTIFIER = com.AaronCleveland.ImageTranslateUITests;
				PRODUCT_NAME = "$(TARGET_NAME)";
				SWIFT_VERSION = 5.0;
				TARGETED_DEVICE_FAMILY = "1,2";
				TEST_TARGET_NAME = ImageTranslate;
			};
			name = Debug;
		};
		1A6DA6622501C1DD00E8423E /* Release */ = {
			isa = XCBuildConfiguration;
			baseConfigurationReference = E35A8C78790833076E3869F7 /* Pods-ImageTranslate-ImageTranslateUITests.release.xcconfig */;
			buildSettings = {
				ALWAYS_EMBED_SWIFT_STANDARD_LIBRARIES = YES;
				CODE_SIGN_STYLE = Automatic;
				DEVELOPMENT_TEAM = 7G4A2JWWKQ;
				INFOPLIST_FILE = ImageTranslateUITests/Info.plist;
				LD_RUNPATH_SEARCH_PATHS = (
					"$(inherited)",
					"@executable_path/Frameworks",
					"@loader_path/Frameworks",
				);
				PRODUCT_BUNDLE_IDENTIFIER = com.AaronCleveland.ImageTranslateUITests;
				PRODUCT_NAME = "$(TARGET_NAME)";
				SWIFT_VERSION = 5.0;
				TARGETED_DEVICE_FAMILY = "1,2";
				TEST_TARGET_NAME = ImageTranslate;
			};
			name = Release;
		};
/* End XCBuildConfiguration section */

/* Begin XCConfigurationList section */
		1A6DA62B2501C1DC00E8423E /* Build configuration list for PBXProject "ImageTranslate" */ = {
			isa = XCConfigurationList;
			buildConfigurations = (
				1A6DA6582501C1DD00E8423E /* Debug */,
				1A6DA6592501C1DD00E8423E /* Release */,
			);
			defaultConfigurationIsVisible = 0;
			defaultConfigurationName = Release;
		};
		1A6DA65A2501C1DD00E8423E /* Build configuration list for PBXNativeTarget "ImageTranslate" */ = {
			isa = XCConfigurationList;
			buildConfigurations = (
				1A6DA65B2501C1DD00E8423E /* Debug */,
				1A6DA65C2501C1DD00E8423E /* Release */,
			);
			defaultConfigurationIsVisible = 0;
			defaultConfigurationName = Release;
		};
		1A6DA65D2501C1DD00E8423E /* Build configuration list for PBXNativeTarget "ImageTranslateTests" */ = {
			isa = XCConfigurationList;
			buildConfigurations = (
				1A6DA65E2501C1DD00E8423E /* Debug */,
				1A6DA65F2501C1DD00E8423E /* Release */,
			);
			defaultConfigurationIsVisible = 0;
			defaultConfigurationName = Release;
		};
		1A6DA6602501C1DD00E8423E /* Build configuration list for PBXNativeTarget "ImageTranslateUITests" */ = {
			isa = XCConfigurationList;
			buildConfigurations = (
				1A6DA6612501C1DD00E8423E /* Debug */,
				1A6DA6622501C1DD00E8423E /* Release */,
			);
			defaultConfigurationIsVisible = 0;
			defaultConfigurationName = Release;
		};
/* End XCConfigurationList section */

/* Begin XCVersionGroup section */
		1A0026532509DBC500F0F0B5 /* ImageTranslate.xcdatamodeld */ = {
			isa = XCVersionGroup;
			children = (
				1A0026542509DBC500F0F0B5 /* ImageTranslate.xcdatamodel */,
			);
			currentVersion = 1A0026542509DBC500F0F0B5 /* ImageTranslate.xcdatamodel */;
			path = ImageTranslate.xcdatamodeld;
			sourceTree = "<group>";
			versionGroupType = wrapper.xcdatamodel;
		};
/* End XCVersionGroup section */
	};
	rootObject = 1A6DA6282501C1DC00E8423E /* Project object */;
}
